<?xml version="1.0" encoding="UTF-8"?>
<!DOCTYPE plist PUBLIC "-//Apple//DTD PLIST 1.0//EN" "http://www.apple.com/DTDs/PropertyList-1.0.dtd">
<plist version="1.0">
<dict>
	<key>archiveVersion</key>
	<string>1</string>
	<key>classes</key>
	<dict/>
	<key>objectVersion</key>
	<string>46</string>
	<key>objects</key>
	<dict>
		<key>4C2738DB5E8C3706E4D0AF82</key>
		<dict>
			<key>explicitFileType</key>
			<string>archive.ar</string>
			<key>includeInIndex</key>
			<string>0</string>
			<key>isa</key>
			<string>PBXFileReference</string>
			<key>path</key>
			<string>libPods-LW_BeenShopping.a</string>
			<key>sourceTree</key>
			<string>BUILT_PRODUCTS_DIR</string>
		</dict>
		<key>76A09E7EA216F53A2A7AA1B7</key>
		<dict>
			<key>fileRef</key>
			<string>4C2738DB5E8C3706E4D0AF82</string>
			<key>isa</key>
			<string>PBXBuildFile</string>
		</dict>
		<key>7C4478DD00B7544BC63D7D51</key>
		<dict>
			<key>buildActionMask</key>
			<string>2147483647</string>
			<key>files</key>
			<array/>
			<key>inputPaths</key>
			<array/>
			<key>isa</key>
			<string>PBXShellScriptBuildPhase</string>
			<key>name</key>
			<string>[CP] Check Pods Manifest.lock</string>
			<key>outputPaths</key>
			<array/>
			<key>runOnlyForDeploymentPostprocessing</key>
			<string>0</string>
			<key>shellPath</key>
			<string>/bin/sh</string>
			<key>shellScript</key>
			<string>diff "${PODS_ROOT}/../Podfile.lock" "${PODS_ROOT}/Manifest.lock" &gt; /dev/null
if [[ $? != 0 ]] ; then
    cat &lt;&lt; EOM
error: The sandbox is not in sync with the Podfile.lock. Run 'pod install' or update your CocoaPods installation.
EOM
    exit 1
fi
</string>
			<key>showEnvVarsInLog</key>
			<string>0</string>
		</dict>
		<key>96292A71B31CA68A31E8363D</key>
		<dict>
			<key>buildActionMask</key>
			<string>2147483647</string>
			<key>files</key>
			<array/>
			<key>inputPaths</key>
			<array/>
			<key>isa</key>
			<string>PBXShellScriptBuildPhase</string>
			<key>name</key>
			<string>[CP] Embed Pods Frameworks</string>
			<key>outputPaths</key>
			<array/>
			<key>runOnlyForDeploymentPostprocessing</key>
			<string>0</string>
			<key>shellPath</key>
			<string>/bin/sh</string>
			<key>shellScript</key>
			<string>"${SRCROOT}/Pods/Target Support Files/Pods-LW_BeenShopping/Pods-LW_BeenShopping-frameworks.sh"
</string>
			<key>showEnvVarsInLog</key>
			<string>0</string>
		</dict>
		<key>96C818CAB5EBD89C7F04A967</key>
		<dict>
			<key>includeInIndex</key>
			<string>1</string>
			<key>isa</key>
			<string>PBXFileReference</string>
			<key>lastKnownFileType</key>
			<string>text.xcconfig</string>
			<key>name</key>
			<string>Pods-LW_BeenShopping.release.xcconfig</string>
			<key>path</key>
			<string>Pods/Target Support Files/Pods-LW_BeenShopping/Pods-LW_BeenShopping.release.xcconfig</string>
			<key>sourceTree</key>
			<string>&lt;group&gt;</string>
		</dict>
		<key>9794DCB95754BC19CBD948D8</key>
		<dict>
			<key>children</key>
			<array>
				<string>4C2738DB5E8C3706E4D0AF82</string>
			</array>
			<key>isa</key>
			<string>PBXGroup</string>
			<key>name</key>
			<string>Frameworks</string>
			<key>sourceTree</key>
			<string>&lt;group&gt;</string>
		</dict>
		<key>B6339A8C1DC6E9740071AD70</key>
		<dict>
			<key>children</key>
			<array>
				<string>B6339A8D1DC6E9740071AD70</string>
				<string>B6339A8E1DC6E9740071AD70</string>
				<string>B6339A8F1DC6E9740071AD70</string>
				<string>B6339A901DC6E9740071AD70</string>
				<string>B6339A911DC6E9740071AD70</string>
				<string>B6339A921DC6E9740071AD70</string>
				<string>B6339A931DC6E9740071AD70</string>
				<string>B6339A941DC6E9740071AD70</string>
				<string>B6339A951DC6E9740071AD70</string>
				<string>B6339A961DC6E9740071AD70</string>
				<string>B6339A971DC6E9740071AD70</string>
				<string>B6339A981DC6E9740071AD70</string>
				<string>B6339A991DC6E9740071AD70</string>
				<string>B6339A9A1DC6E9740071AD70</string>
				<string>B6339A9B1DC6E9740071AD70</string>
				<string>B6339A9C1DC6E9740071AD70</string>
				<string>B6339A9D1DC6E9740071AD70</string>
			</array>
			<key>isa</key>
			<string>PBXGroup</string>
			<key>path</key>
			<string>Resouce</string>
			<key>sourceTree</key>
			<string>&lt;group&gt;</string>
		</dict>
		<key>B6339A8D1DC6E9740071AD70</key>
		<dict>
			<key>fileEncoding</key>
			<string>4</string>
			<key>isa</key>
			<string>PBXFileReference</string>
			<key>lastKnownFileType</key>
			<string>text</string>
			<key>path</key>
			<string>AD</string>
			<key>sourceTree</key>
			<string>&lt;group&gt;</string>
		</dict>
		<key>B6339A8E1DC6E9740071AD70</key>
		<dict>
			<key>fileEncoding</key>
			<string>4</string>
			<key>isa</key>
			<string>PBXFileReference</string>
			<key>lastKnownFileType</key>
			<string>text.plist.xml</string>
			<key>path</key>
			<string>FocusURL.plist</string>
			<key>sourceTree</key>
			<string>&lt;group&gt;</string>
		</dict>
		<key>B6339A8F1DC6E9740071AD70</key>
		<dict>
			<key>fileEncoding</key>
			<string>4</string>
			<key>isa</key>
			<string>PBXFileReference</string>
			<key>lastKnownFileType</key>
			<string>text.plist.xml</string>
			<key>path</key>
			<string>HelpPlist.plist</string>
			<key>sourceTree</key>
			<string>&lt;group&gt;</string>
		</dict>
		<key>B6339A901DC6E9740071AD70</key>
		<dict>
			<key>fileEncoding</key>
			<string>4</string>
			<key>isa</key>
			<string>PBXFileReference</string>
			<key>lastKnownFileType</key>
			<string>text</string>
			<key>path</key>
			<string>Mine</string>
			<key>sourceTree</key>
			<string>&lt;group&gt;</string>
		</dict>
		<key>B6339A911DC6E9740071AD70</key>
		<dict>
			<key>fileEncoding</key>
			<string>4</string>
			<key>isa</key>
			<string>PBXFileReference</string>
			<key>lastKnownFileType</key>
			<string>text.plist.xml</string>
			<key>path</key>
			<string>MinePlist.plist</string>
			<key>sourceTree</key>
			<string>&lt;group&gt;</string>
		</dict>
		<key>B6339A921DC6E9740071AD70</key>
		<dict>
			<key>fileEncoding</key>
			<string>4</string>
			<key>isa</key>
			<string>PBXFileReference</string>
			<key>lastKnownFileType</key>
			<string>text</string>
			<key>path</key>
			<string>MyAdress</string>
			<key>sourceTree</key>
			<string>&lt;group&gt;</string>
		</dict>
		<key>B6339A931DC6E9740071AD70</key>
		<dict>
			<key>fileEncoding</key>
			<string>4</string>
			<key>isa</key>
			<string>PBXFileReference</string>
			<key>lastKnownFileType</key>
			<string>text</string>
			<key>path</key>
			<string>MyCoupon</string>
			<key>sourceTree</key>
			<string>&lt;group&gt;</string>
		</dict>
		<key>B6339A941DC6E9740071AD70</key>
		<dict>
			<key>fileEncoding</key>
			<string>4</string>
			<key>isa</key>
			<string>PBXFileReference</string>
			<key>lastKnownFileType</key>
			<string>text</string>
			<key>path</key>
			<string>MyOrders</string>
			<key>sourceTree</key>
			<string>&lt;group&gt;</string>
		</dict>
		<key>B6339A951DC6E9740071AD70</key>
		<dict>
			<key>fileEncoding</key>
			<string>4</string>
			<key>isa</key>
			<string>PBXFileReference</string>
			<key>lastKnownFileType</key>
			<string>text</string>
			<key>path</key>
			<string>Search</string>
			<key>sourceTree</key>
			<string>&lt;group&gt;</string>
		</dict>
		<key>B6339A961DC6E9740071AD70</key>
		<dict>
			<key>fileEncoding</key>
			<string>4</string>
			<key>isa</key>
			<string>PBXFileReference</string>
			<key>lastKnownFileType</key>
			<string>text</string>
			<key>path</key>
			<string>SearchProduct</string>
			<key>sourceTree</key>
			<string>&lt;group&gt;</string>
		</dict>
		<key>B6339A971DC6E9740071AD70</key>
		<dict>
			<key>fileEncoding</key>
			<string>4</string>
			<key>isa</key>
			<string>PBXFileReference</string>
			<key>lastKnownFileType</key>
			<string>text</string>
			<key>path</key>
			<string>supermarket</string>
			<key>sourceTree</key>
			<string>&lt;group&gt;</string>
		</dict>
		<key>B6339A981DC6E9740071AD70</key>
		<dict>
			<key>fileEncoding</key>
			<string>4</string>
			<key>isa</key>
			<string>PBXFileReference</string>
			<key>lastKnownFileType</key>
			<string>text</string>
			<key>path</key>
			<string>SystemMessage</string>
			<key>sourceTree</key>
			<string>&lt;group&gt;</string>
		</dict>
		<key>B6339A991DC6E9740071AD70</key>
		<dict>
			<key>fileEncoding</key>
			<string>4</string>
			<key>isa</key>
			<string>PBXFileReference</string>
			<key>lastKnownFileType</key>
			<string>text</string>
			<key>path</key>
			<string>UserMessage</string>
			<key>sourceTree</key>
			<string>&lt;group&gt;</string>
		</dict>
		<key>B6339A9A1DC6E9740071AD70</key>
		<dict>
			<key>fileEncoding</key>
			<string>4</string>
			<key>isa</key>
			<string>PBXFileReference</string>
			<key>lastKnownFileType</key>
			<string>text</string>
			<key>path</key>
			<string>&#20419;&#38144;</string>
			<key>sourceTree</key>
			<string>&lt;group&gt;</string>
		</dict>
		<key>B6339A9B1DC6E9740071AD70</key>
		<dict>
			<key>fileEncoding</key>
			<string>4</string>
			<key>isa</key>
			<string>PBXFileReference</string>
			<key>lastKnownFileType</key>
			<string>text</string>
			<key>path</key>
			<string>&#31995;&#32479;&#28040;&#24687;</string>
			<key>sourceTree</key>
			<string>&lt;group&gt;</string>
		</dict>
		<key>B6339A9C1DC6E9740071AD70</key>
		<dict>
			<key>fileEncoding</key>
			<string>4</string>
			<key>isa</key>
			<string>PBXFileReference</string>
			<key>lastKnownFileType</key>
			<string>text</string>
			<key>path</key>
			<string>&#39318;&#39029;&#26032;&#40092;&#28909;&#21334;</string>
			<key>sourceTree</key>
			<string>&lt;group&gt;</string>
		</dict>
		<key>B6339A9D1DC6E9740071AD70</key>
		<dict>
			<key>fileEncoding</key>
			<string>4</string>
			<key>isa</key>
			<string>PBXFileReference</string>
			<key>lastKnownFileType</key>
			<string>text</string>
			<key>path</key>
			<string>&#39318;&#39029;&#28966;&#28857;&#25353;&#38062;</string>
			<key>sourceTree</key>
			<string>&lt;group&gt;</string>
		</dict>
		<key>B6339A9E1DC6E9740071AD70</key>
		<dict>
			<key>fileRef</key>
			<string>B6339A8D1DC6E9740071AD70</string>
			<key>isa</key>
			<string>PBXBuildFile</string>
		</dict>
		<key>B6339A9F1DC6E9740071AD70</key>
		<dict>
			<key>fileRef</key>
			<string>B6339A8E1DC6E9740071AD70</string>
			<key>isa</key>
			<string>PBXBuildFile</string>
		</dict>
		<key>B6339AA01DC6E9740071AD70</key>
		<dict>
			<key>fileRef</key>
			<string>B6339A8F1DC6E9740071AD70</string>
			<key>isa</key>
			<string>PBXBuildFile</string>
		</dict>
		<key>B6339AA11DC6E9740071AD70</key>
		<dict>
			<key>fileRef</key>
			<string>B6339A901DC6E9740071AD70</string>
			<key>isa</key>
			<string>PBXBuildFile</string>
		</dict>
		<key>B6339AA21DC6E9740071AD70</key>
		<dict>
			<key>fileRef</key>
			<string>B6339A911DC6E9740071AD70</string>
			<key>isa</key>
			<string>PBXBuildFile</string>
		</dict>
		<key>B6339AA31DC6E9740071AD70</key>
		<dict>
			<key>fileRef</key>
			<string>B6339A921DC6E9740071AD70</string>
			<key>isa</key>
			<string>PBXBuildFile</string>
		</dict>
		<key>B6339AA41DC6E9740071AD70</key>
		<dict>
			<key>fileRef</key>
			<string>B6339A931DC6E9740071AD70</string>
			<key>isa</key>
			<string>PBXBuildFile</string>
		</dict>
		<key>B6339AA51DC6E9740071AD70</key>
		<dict>
			<key>fileRef</key>
			<string>B6339A941DC6E9740071AD70</string>
			<key>isa</key>
			<string>PBXBuildFile</string>
		</dict>
		<key>B6339AA61DC6E9740071AD70</key>
		<dict>
			<key>fileRef</key>
			<string>B6339A951DC6E9740071AD70</string>
			<key>isa</key>
			<string>PBXBuildFile</string>
		</dict>
		<key>B6339AA71DC6E9740071AD70</key>
		<dict>
			<key>fileRef</key>
			<string>B6339A961DC6E9740071AD70</string>
			<key>isa</key>
			<string>PBXBuildFile</string>
		</dict>
		<key>B6339AA81DC6E9740071AD70</key>
		<dict>
			<key>fileRef</key>
			<string>B6339A971DC6E9740071AD70</string>
			<key>isa</key>
			<string>PBXBuildFile</string>
		</dict>
		<key>B6339AA91DC6E9740071AD70</key>
		<dict>
			<key>fileRef</key>
			<string>B6339A981DC6E9740071AD70</string>
			<key>isa</key>
			<string>PBXBuildFile</string>
		</dict>
		<key>B6339AAA1DC6E9740071AD70</key>
		<dict>
			<key>fileRef</key>
			<string>B6339A991DC6E9740071AD70</string>
			<key>isa</key>
			<string>PBXBuildFile</string>
		</dict>
		<key>B6339AAB1DC6E9740071AD70</key>
		<dict>
			<key>fileRef</key>
			<string>B6339A9A1DC6E9740071AD70</string>
			<key>isa</key>
			<string>PBXBuildFile</string>
		</dict>
		<key>B6339AAC1DC6E9740071AD70</key>
		<dict>
			<key>fileRef</key>
			<string>B6339A9B1DC6E9740071AD70</string>
			<key>isa</key>
			<string>PBXBuildFile</string>
		</dict>
		<key>B6339AAD1DC6E9740071AD70</key>
		<dict>
			<key>fileRef</key>
			<string>B6339A9C1DC6E9740071AD70</string>
			<key>isa</key>
			<string>PBXBuildFile</string>
		</dict>
		<key>B6339AAE1DC6E9740071AD70</key>
		<dict>
			<key>fileRef</key>
			<string>B6339A9D1DC6E9740071AD70</string>
			<key>isa</key>
			<string>PBXBuildFile</string>
		</dict>
		<key>B6339AAF1DC6E9780071AD70</key>
		<dict>
			<key>children</key>
			<array>
				<string>B6339AB01DC6E9780071AD70</string>
				<string>B6339ABB1DC6E9780071AD70</string>
				<string>B6339AC51DC6E9780071AD70</string>
				<string>B6339B221DC6E9780071AD70</string>
				<string>B6339B461DC6E9780071AD70</string>
			</array>
			<key>isa</key>
			<string>PBXGroup</string>
			<key>path</key>
			<string>Classes</string>
			<key>sourceTree</key>
			<string>&lt;group&gt;</string>
		</dict>
		<key>B6339AB01DC6E9780071AD70</key>
		<dict>
			<key>children</key>
			<array>
				<string>B6339AB11DC6E9780071AD70</string>
				<string>B6339AB81DC6E9780071AD70</string>
				<string>B6339AB91DC6E9780071AD70</string>
				<string>B6339ABA1DC6E9780071AD70</string>
			</array>
			<key>isa</key>
			<string>PBXGroup</string>
			<key>path</key>
			<string>Model</string>
			<key>sourceTree</key>
			<string>&lt;group&gt;</string>
		</dict>
		<key>B6339AB11DC6E9780071AD70</key>
		<dict>
			<key>children</key>
			<array>
				<string>B6339AB21DC6E9780071AD70</string>
				<string>B6339AB31DC6E9780071AD70</string>
				<string>B6339AB41DC6E9780071AD70</string>
				<string>B6339AB51DC6E9780071AD70</string>
				<string>B6339AB61DC6E9780071AD70</string>
				<string>B6339AB71DC6E9780071AD70</string>
			</array>
			<key>isa</key>
			<string>PBXGroup</string>
			<key>path</key>
			<string>HomeModel</string>
			<key>sourceTree</key>
			<string>&lt;group&gt;</string>
		</dict>
		<key>B6339AB21DC6E9780071AD70</key>
		<dict>
			<key>fileEncoding</key>
			<string>4</string>
			<key>isa</key>
			<string>PBXFileReference</string>
			<key>lastKnownFileType</key>
			<string>sourcecode.c.h</string>
			<key>path</key>
			<string>Activities.h</string>
			<key>sourceTree</key>
			<string>&lt;group&gt;</string>
		</dict>
		<key>B6339AB31DC6E9780071AD70</key>
		<dict>
			<key>fileEncoding</key>
			<string>4</string>
			<key>isa</key>
			<string>PBXFileReference</string>
			<key>lastKnownFileType</key>
			<string>sourcecode.c.objc</string>
			<key>path</key>
			<string>Activities.m</string>
			<key>sourceTree</key>
			<string>&lt;group&gt;</string>
		</dict>
		<key>B6339AB41DC6E9780071AD70</key>
		<dict>
			<key>fileEncoding</key>
			<string>4</string>
			<key>isa</key>
			<string>PBXFileReference</string>
			<key>lastKnownFileType</key>
			<string>sourcecode.c.h</string>
			<key>path</key>
			<string>HeadData.h</string>
			<key>sourceTree</key>
			<string>&lt;group&gt;</string>
		</dict>
		<key>B6339AB51DC6E9780071AD70</key>
		<dict>
			<key>fileEncoding</key>
			<string>4</string>
			<key>isa</key>
			<string>PBXFileReference</string>
			<key>lastKnownFileType</key>
			<string>sourcecode.c.objc</string>
			<key>path</key>
			<string>HeadData.m</string>
			<key>sourceTree</key>
			<string>&lt;group&gt;</string>
		</dict>
		<key>B6339AB61DC6E9780071AD70</key>
		<dict>
			<key>fileEncoding</key>
			<string>4</string>
			<key>isa</key>
			<string>PBXFileReference</string>
			<key>lastKnownFileType</key>
			<string>sourcecode.c.h</string>
			<key>path</key>
			<string>HeadResources.h</string>
			<key>sourceTree</key>
			<string>&lt;group&gt;</string>
		</dict>
		<key>B6339AB71DC6E9780071AD70</key>
		<dict>
			<key>fileEncoding</key>
			<string>4</string>
			<key>isa</key>
			<string>PBXFileReference</string>
			<key>lastKnownFileType</key>
			<string>sourcecode.c.objc</string>
			<key>path</key>
			<string>HeadResources.m</string>
			<key>sourceTree</key>
			<string>&lt;group&gt;</string>
		</dict>
		<key>B6339AB81DC6E9780071AD70</key>
		<dict>
			<key>children</key>
			<array/>
			<key>isa</key>
			<string>PBXGroup</string>
			<key>path</key>
			<string>MineModel</string>
			<key>sourceTree</key>
			<string>&lt;group&gt;</string>
		</dict>
		<key>B6339AB91DC6E9780071AD70</key>
		<dict>
			<key>children</key>
			<array/>
			<key>isa</key>
			<string>PBXGroup</string>
			<key>path</key>
			<string>ShopCarModel</string>
			<key>sourceTree</key>
			<string>&lt;group&gt;</string>
		</dict>
		<key>B6339ABA1DC6E9780071AD70</key>
		<dict>
			<key>children</key>
			<array/>
			<key>isa</key>
			<string>PBXGroup</string>
			<key>path</key>
			<string>SuperMarketModel</string>
			<key>sourceTree</key>
			<string>&lt;group&gt;</string>
		</dict>
		<key>B6339ABB1DC6E9780071AD70</key>
		<dict>
			<key>children</key>
			<array>
				<string>B6339ABC1DC6E9780071AD70</string>
				<string>B6339ABD1DC6E9780071AD70</string>
				<string>B6339ABE1DC6E9780071AD70</string>
			</array>
			<key>isa</key>
			<string>PBXGroup</string>
			<key>path</key>
			<string>Others</string>
			<key>sourceTree</key>
			<string>&lt;group&gt;</string>
		</dict>
		<key>B6339ABC1DC6E9780071AD70</key>
		<dict>
			<key>fileEncoding</key>
			<string>4</string>
			<key>isa</key>
			<string>PBXFileReference</string>
			<key>lastKnownFileType</key>
			<string>sourcecode.c.h</string>
			<key>path</key>
			<string>AppDelegate.h</string>
			<key>sourceTree</key>
			<string>&lt;group&gt;</string>
		</dict>
		<key>B6339ABD1DC6E9780071AD70</key>
		<dict>
			<key>fileEncoding</key>
			<string>4</string>
			<key>isa</key>
			<string>PBXFileReference</string>
			<key>lastKnownFileType</key>
			<string>sourcecode.c.objc</string>
			<key>path</key>
			<string>AppDelegate.m</string>
			<key>sourceTree</key>
			<string>&lt;group&gt;</string>
		</dict>
		<key>B6339ABE1DC6E9780071AD70</key>
		<dict>
			<key>children</key>
			<array>
				<string>B6339ABF1DC6E9780071AD70</string>
				<string>B6339AC01DC6E9780071AD70</string>
				<string>B6339AC11DC6E9780071AD70</string>
				<string>B6339AC21DC6E9780071AD70</string>
				<string>B6339AC31DC6E9780071AD70</string>
				<string>B6339AC41DC6E9780071AD70</string>
			</array>
			<key>isa</key>
			<string>PBXGroup</string>
			<key>path</key>
			<string>Header</string>
			<key>sourceTree</key>
			<string>&lt;group&gt;</string>
		</dict>
		<key>B6339ABF1DC6E9780071AD70</key>
		<dict>
			<key>fileEncoding</key>
			<string>4</string>
			<key>isa</key>
			<string>PBXFileReference</string>
			<key>lastKnownFileType</key>
			<string>sourcecode.c.h</string>
			<key>path</key>
			<string>CategoryHeader.h</string>
			<key>sourceTree</key>
			<string>&lt;group&gt;</string>
		</dict>
		<key>B6339AC01DC6E9780071AD70</key>
		<dict>
			<key>fileEncoding</key>
			<string>4</string>
			<key>isa</key>
			<string>PBXFileReference</string>
			<key>lastKnownFileType</key>
			<string>sourcecode.c.h</string>
			<key>path</key>
			<string>DefineHeader.h</string>
			<key>sourceTree</key>
			<string>&lt;group&gt;</string>
		</dict>
		<key>B6339AC11DC6E9780071AD70</key>
		<dict>
			<key>fileEncoding</key>
			<string>4</string>
			<key>isa</key>
			<string>PBXFileReference</string>
			<key>lastKnownFileType</key>
			<string>sourcecode.c.h</string>
			<key>path</key>
			<string>GlobalCGFloatHeader.h</string>
			<key>sourceTree</key>
			<string>&lt;group&gt;</string>
		</dict>
		<key>B6339AC21DC6E9780071AD70</key>
		<dict>
			<key>fileEncoding</key>
			<string>4</string>
			<key>isa</key>
			<string>PBXFileReference</string>
			<key>lastKnownFileType</key>
			<string>sourcecode.c.objc</string>
			<key>path</key>
			<string>GlobalCGFloatHeader.m</string>
			<key>sourceTree</key>
			<string>&lt;group&gt;</string>
		</dict>
		<key>B6339AC31DC6E9780071AD70</key>
		<dict>
			<key>fileEncoding</key>
			<string>4</string>
			<key>isa</key>
			<string>PBXFileReference</string>
			<key>lastKnownFileType</key>
			<string>sourcecode.c.h</string>
			<key>path</key>
			<string>MainHeader.h</string>
			<key>sourceTree</key>
			<string>&lt;group&gt;</string>
		</dict>
		<key>B6339AC41DC6E9780071AD70</key>
		<dict>
			<key>fileEncoding</key>
			<string>4</string>
			<key>isa</key>
			<string>PBXFileReference</string>
			<key>lastKnownFileType</key>
			<string>sourcecode.c.h</string>
			<key>path</key>
			<string>PrefixHeader.pch</string>
			<key>sourceTree</key>
			<string>&lt;group&gt;</string>
		</dict>
		<key>B6339AC51DC6E9780071AD70</key>
		<dict>
			<key>children</key>
			<array>
				<string>B6339AC61DC6E9780071AD70</string>
				<string>B6339AD11DC6E9780071AD70</string>
				<string>B6339B161DC6E9780071AD70</string>
				<string>B6339B171DC6E9780071AD70</string>
				<string>B6339B181DC6E9780071AD70</string>
			</array>
			<key>isa</key>
			<string>PBXGroup</string>
			<key>path</key>
			<string>Tools</string>
			<key>sourceTree</key>
			<string>&lt;group&gt;</string>
		</dict>
		<key>B6339AC61DC6E9780071AD70</key>
		<dict>
			<key>children</key>
			<array>
				<string>B6339AC71DC6E9780071AD70</string>
				<string>B6339AC81DC6E9780071AD70</string>
				<string>B6339AC91DC6E9780071AD70</string>
				<string>B6339ACA1DC6E9780071AD70</string>
				<string>B6339ACB1DC6E9780071AD70</string>
				<string>B6339ACC1DC6E9780071AD70</string>
				<string>B6339ACD1DC6E9780071AD70</string>
				<string>B6339ACE1DC6E9780071AD70</string>
				<string>B6339ACF1DC6E9780071AD70</string>
				<string>B6339AD01DC6E9780071AD70</string>
			</array>
			<key>isa</key>
			<string>PBXGroup</string>
			<key>path</key>
			<string>Extension</string>
			<key>sourceTree</key>
			<string>&lt;group&gt;</string>
		</dict>
		<key>B6339AC71DC6E9780071AD70</key>
		<dict>
			<key>fileEncoding</key>
			<string>4</string>
			<key>isa</key>
			<string>PBXFileReference</string>
			<key>lastKnownFileType</key>
			<string>sourcecode.c.h</string>
			<key>path</key>
			<string>NSObject+Method.h</string>
			<key>sourceTree</key>
			<string>&lt;group&gt;</string>
		</dict>
		<key>B6339AC81DC6E9780071AD70</key>
		<dict>
			<key>fileEncoding</key>
			<string>4</string>
			<key>isa</key>
			<string>PBXFileReference</string>
			<key>lastKnownFileType</key>
			<string>sourcecode.c.objc</string>
			<key>path</key>
			<string>NSObject+Method.m</string>
			<key>sourceTree</key>
			<string>&lt;group&gt;</string>
		</dict>
		<key>B6339AC91DC6E9780071AD70</key>
		<dict>
			<key>fileEncoding</key>
			<string>4</string>
			<key>isa</key>
			<string>PBXFileReference</string>
			<key>lastKnownFileType</key>
			<string>sourcecode.c.h</string>
			<key>path</key>
			<string>NSString+PhoneNumber.h</string>
			<key>sourceTree</key>
			<string>&lt;group&gt;</string>
		</dict>
		<key>B6339ACA1DC6E9780071AD70</key>
		<dict>
			<key>fileEncoding</key>
			<string>4</string>
			<key>isa</key>
			<string>PBXFileReference</string>
			<key>lastKnownFileType</key>
			<string>sourcecode.c.objc</string>
			<key>path</key>
			<string>NSString+PhoneNumber.m</string>
			<key>sourceTree</key>
			<string>&lt;group&gt;</string>
		</dict>
		<key>B6339ACB1DC6E9780071AD70</key>
		<dict>
			<key>fileEncoding</key>
			<string>4</string>
			<key>isa</key>
			<string>PBXFileReference</string>
			<key>lastKnownFileType</key>
			<string>sourcecode.c.h</string>
			<key>path</key>
			<string>NSString+UIViewController.h</string>
			<key>sourceTree</key>
			<string>&lt;group&gt;</string>
		</dict>
		<key>B6339ACC1DC6E9780071AD70</key>
		<dict>
			<key>fileEncoding</key>
			<string>4</string>
			<key>isa</key>
			<string>PBXFileReference</string>
			<key>lastKnownFileType</key>
			<string>sourcecode.c.objc</string>
			<key>path</key>
			<string>NSString+UIViewController.m</string>
			<key>sourceTree</key>
			<string>&lt;group&gt;</string>
		</dict>
		<key>B6339ACD1DC6E9780071AD70</key>
		<dict>
			<key>fileEncoding</key>
			<string>4</string>
			<key>isa</key>
			<string>PBXFileReference</string>
			<key>lastKnownFileType</key>
			<string>sourcecode.c.h</string>
			<key>path</key>
			<string>UITabBarController+ChildController.h</string>
			<key>sourceTree</key>
			<string>&lt;group&gt;</string>
		</dict>
		<key>B6339ACE1DC6E9780071AD70</key>
		<dict>
			<key>fileEncoding</key>
			<string>4</string>
			<key>isa</key>
			<string>PBXFileReference</string>
			<key>lastKnownFileType</key>
			<string>sourcecode.c.objc</string>
			<key>path</key>
			<string>UITabBarController+ChildController.m</string>
			<key>sourceTree</key>
			<string>&lt;group&gt;</string>
		</dict>
		<key>B6339ACF1DC6E9780071AD70</key>
		<dict>
			<key>fileEncoding</key>
			<string>4</string>
			<key>isa</key>
			<string>PBXFileReference</string>
			<key>lastKnownFileType</key>
			<string>sourcecode.c.h</string>
			<key>path</key>
			<string>UIView+Frame.h</string>
			<key>sourceTree</key>
			<string>&lt;group&gt;</string>
		</dict>
		<key>B6339AD01DC6E9780071AD70</key>
		<dict>
			<key>fileEncoding</key>
			<string>4</string>
			<key>isa</key>
			<string>PBXFileReference</string>
			<key>lastKnownFileType</key>
			<string>sourcecode.c.objc</string>
			<key>path</key>
			<string>UIView+Frame.m</string>
			<key>sourceTree</key>
			<string>&lt;group&gt;</string>
		</dict>
		<key>B6339AD11DC6E9780071AD70</key>
		<dict>
			<key>children</key>
			<array>
				<string>B6339AD21DC6E9780071AD70</string>
				<string>B6339AD51DC6E9780071AD70</string>
				<string>B6339AD91DC6E9780071AD70</string>
				<string>B6339B061DC6E9780071AD70</string>
			</array>
			<key>isa</key>
			<string>PBXGroup</string>
			<key>path</key>
			<string>Lib</string>
			<key>sourceTree</key>
			<string>&lt;group&gt;</string>
		</dict>
		<key>B6339AD21DC6E9780071AD70</key>
		<dict>
			<key>children</key>
			<array>
				<string>B6339AD31DC6E9780071AD70</string>
				<string>B6339AD41DC6E9780071AD70</string>
			</array>
			<key>isa</key>
			<string>PBXGroup</string>
			<key>path</key>
			<string>LTNavigationBar</string>
			<key>sourceTree</key>
			<string>&lt;group&gt;</string>
		</dict>
		<key>B6339AD31DC6E9780071AD70</key>
		<dict>
			<key>fileEncoding</key>
			<string>4</string>
			<key>isa</key>
			<string>PBXFileReference</string>
			<key>lastKnownFileType</key>
			<string>sourcecode.c.h</string>
			<key>path</key>
			<string>UINavigationBar+Awesome.h</string>
			<key>sourceTree</key>
			<string>&lt;group&gt;</string>
		</dict>
		<key>B6339AD41DC6E9780071AD70</key>
		<dict>
			<key>fileEncoding</key>
			<string>4</string>
			<key>isa</key>
			<string>PBXFileReference</string>
			<key>lastKnownFileType</key>
			<string>sourcecode.c.objc</string>
			<key>path</key>
			<string>UINavigationBar+Awesome.m</string>
			<key>sourceTree</key>
			<string>&lt;group&gt;</string>
		</dict>
		<key>B6339AD51DC6E9780071AD70</key>
		<dict>
			<key>children</key>
			<array>
				<string>B6339AD61DC6E9780071AD70</string>
				<string>B6339AD71DC6E9780071AD70</string>
				<string>B6339AD81DC6E9780071AD70</string>
			</array>
			<key>isa</key>
			<string>PBXGroup</string>
			<key>path</key>
			<string>LTNavigationBar-master</string>
			<key>sourceTree</key>
			<string>&lt;group&gt;</string>
		</dict>
		<key>B6339AD61DC6E9780071AD70</key>
		<dict>
			<key>children</key>
			<array/>
			<key>isa</key>
			<string>PBXGroup</string>
			<key>path</key>
			<string>images</string>
			<key>sourceTree</key>
			<string>&lt;group&gt;</string>
		</dict>
		<key>B6339AD71DC6E9780071AD70</key>
		<dict>
			<key>children</key>
			<array/>
			<key>isa</key>
			<string>PBXGroup</string>
			<key>path</key>
			<string>LTNavigationBar</string>
			<key>sourceTree</key>
			<string>&lt;group&gt;</string>
		</dict>
		<key>B6339AD81DC6E9780071AD70</key>
		<dict>
			<key>children</key>
			<array/>
			<key>isa</key>
			<string>PBXGroup</string>
			<key>path</key>
			<string>LTNavigationBarTests</string>
			<key>sourceTree</key>
			<string>&lt;group&gt;</string>
		</dict>
		<key>B6339AD91DC6E9780071AD70</key>
		<dict>
			<key>children</key>
			<array>
				<string>B6339ADA1DC6E9780071AD70</string>
				<string>B6339AE51DC6E9780071AD70</string>
				<string>B6339AFC1DC6E9780071AD70</string>
				<string>B6339AFD1DC6E9780071AD70</string>
				<string>B6339AFE1DC6E9780071AD70</string>
				<string>B6339AFF1DC6E9780071AD70</string>
				<string>B6339B001DC6E9780071AD70</string>
				<string>B6339B011DC6E9780071AD70</string>
				<string>B6339B021DC6E9780071AD70</string>
				<string>B6339B031DC6E9780071AD70</string>
				<string>B6339B041DC6E9780071AD70</string>
				<string>B6339B051DC6E9780071AD70</string>
			</array>
			<key>isa</key>
			<string>PBXGroup</string>
			<key>path</key>
			<string>MJRefresh</string>
			<key>sourceTree</key>
			<string>&lt;group&gt;</string>
		</dict>
		<key>B6339ADA1DC6E9780071AD70</key>
		<dict>
			<key>children</key>
			<array>
				<string>B6339ADB1DC6E9780071AD70</string>
				<string>B6339ADC1DC6E9780071AD70</string>
				<string>B6339ADD1DC6E9780071AD70</string>
				<string>B6339ADE1DC6E9780071AD70</string>
				<string>B6339ADF1DC6E9780071AD70</string>
				<string>B6339AE01DC6E9780071AD70</string>
				<string>B6339AE11DC6E9780071AD70</string>
				<string>B6339AE21DC6E9780071AD70</string>
				<string>B6339AE31DC6E9780071AD70</string>
				<string>B6339AE41DC6E9780071AD70</string>
			</array>
			<key>isa</key>
			<string>PBXGroup</string>
			<key>path</key>
			<string>Base</string>
			<key>sourceTree</key>
			<string>&lt;group&gt;</string>
		</dict>
		<key>B6339ADB1DC6E9780071AD70</key>
		<dict>
			<key>fileEncoding</key>
			<string>4</string>
			<key>isa</key>
			<string>PBXFileReference</string>
			<key>lastKnownFileType</key>
			<string>sourcecode.c.h</string>
			<key>path</key>
			<string>MJRefreshAutoFooter.h</string>
			<key>sourceTree</key>
			<string>&lt;group&gt;</string>
		</dict>
		<key>B6339ADC1DC6E9780071AD70</key>
		<dict>
			<key>fileEncoding</key>
			<string>4</string>
			<key>isa</key>
			<string>PBXFileReference</string>
			<key>lastKnownFileType</key>
			<string>sourcecode.c.objc</string>
			<key>path</key>
			<string>MJRefreshAutoFooter.m</string>
			<key>sourceTree</key>
			<string>&lt;group&gt;</string>
		</dict>
		<key>B6339ADD1DC6E9780071AD70</key>
		<dict>
			<key>fileEncoding</key>
			<string>4</string>
			<key>isa</key>
			<string>PBXFileReference</string>
			<key>lastKnownFileType</key>
			<string>sourcecode.c.h</string>
			<key>path</key>
			<string>MJRefreshBackFooter.h</string>
			<key>sourceTree</key>
			<string>&lt;group&gt;</string>
		</dict>
		<key>B6339ADE1DC6E9780071AD70</key>
		<dict>
			<key>fileEncoding</key>
			<string>4</string>
			<key>isa</key>
			<string>PBXFileReference</string>
			<key>lastKnownFileType</key>
			<string>sourcecode.c.objc</string>
			<key>path</key>
			<string>MJRefreshBackFooter.m</string>
			<key>sourceTree</key>
			<string>&lt;group&gt;</string>
		</dict>
		<key>B6339ADF1DC6E9780071AD70</key>
		<dict>
			<key>fileEncoding</key>
			<string>4</string>
			<key>isa</key>
			<string>PBXFileReference</string>
			<key>lastKnownFileType</key>
			<string>sourcecode.c.h</string>
			<key>path</key>
			<string>MJRefreshComponent.h</string>
			<key>sourceTree</key>
			<string>&lt;group&gt;</string>
		</dict>
		<key>B6339AE01DC6E9780071AD70</key>
		<dict>
			<key>fileEncoding</key>
			<string>4</string>
			<key>isa</key>
			<string>PBXFileReference</string>
			<key>lastKnownFileType</key>
			<string>sourcecode.c.objc</string>
			<key>path</key>
			<string>MJRefreshComponent.m</string>
			<key>sourceTree</key>
			<string>&lt;group&gt;</string>
		</dict>
		<key>B6339AE11DC6E9780071AD70</key>
		<dict>
			<key>fileEncoding</key>
			<string>4</string>
			<key>isa</key>
			<string>PBXFileReference</string>
			<key>lastKnownFileType</key>
			<string>sourcecode.c.h</string>
			<key>path</key>
			<string>MJRefreshFooter.h</string>
			<key>sourceTree</key>
			<string>&lt;group&gt;</string>
		</dict>
		<key>B6339AE21DC6E9780071AD70</key>
		<dict>
			<key>fileEncoding</key>
			<string>4</string>
			<key>isa</key>
			<string>PBXFileReference</string>
			<key>lastKnownFileType</key>
			<string>sourcecode.c.objc</string>
			<key>path</key>
			<string>MJRefreshFooter.m</string>
			<key>sourceTree</key>
			<string>&lt;group&gt;</string>
		</dict>
		<key>B6339AE31DC6E9780071AD70</key>
		<dict>
			<key>fileEncoding</key>
			<string>4</string>
			<key>isa</key>
			<string>PBXFileReference</string>
			<key>lastKnownFileType</key>
			<string>sourcecode.c.h</string>
			<key>path</key>
			<string>MJRefreshHeader.h</string>
			<key>sourceTree</key>
			<string>&lt;group&gt;</string>
		</dict>
		<key>B6339AE41DC6E9780071AD70</key>
		<dict>
			<key>fileEncoding</key>
			<string>4</string>
			<key>isa</key>
			<string>PBXFileReference</string>
			<key>lastKnownFileType</key>
			<string>sourcecode.c.objc</string>
			<key>path</key>
			<string>MJRefreshHeader.m</string>
			<key>sourceTree</key>
			<string>&lt;group&gt;</string>
		</dict>
		<key>B6339AE51DC6E9780071AD70</key>
		<dict>
			<key>children</key>
			<array>
				<string>B6339AE61DC6E9780071AD70</string>
				<string>B6339AF51DC6E9780071AD70</string>
			</array>
			<key>isa</key>
			<string>PBXGroup</string>
			<key>path</key>
			<string>Custom</string>
			<key>sourceTree</key>
			<string>&lt;group&gt;</string>
		</dict>
		<key>B6339AE61DC6E9780071AD70</key>
		<dict>
			<key>children</key>
			<array>
				<string>B6339AE71DC6E9780071AD70</string>
				<string>B6339AEE1DC6E9780071AD70</string>
			</array>
			<key>isa</key>
			<string>PBXGroup</string>
			<key>path</key>
			<string>Footer</string>
			<key>sourceTree</key>
			<string>&lt;group&gt;</string>
		</dict>
		<key>B6339AE71DC6E9780071AD70</key>
		<dict>
			<key>children</key>
			<array>
				<string>B6339AE81DC6E9780071AD70</string>
				<string>B6339AE91DC6E9780071AD70</string>
				<string>B6339AEA1DC6E9780071AD70</string>
				<string>B6339AEB1DC6E9780071AD70</string>
				<string>B6339AEC1DC6E9780071AD70</string>
				<string>B6339AED1DC6E9780071AD70</string>
			</array>
			<key>isa</key>
			<string>PBXGroup</string>
			<key>path</key>
			<string>Auto</string>
			<key>sourceTree</key>
			<string>&lt;group&gt;</string>
		</dict>
		<key>B6339AE81DC6E9780071AD70</key>
		<dict>
			<key>fileEncoding</key>
			<string>4</string>
			<key>isa</key>
			<string>PBXFileReference</string>
			<key>lastKnownFileType</key>
			<string>sourcecode.c.h</string>
			<key>path</key>
			<string>MJRefreshAutoGifFooter.h</string>
			<key>sourceTree</key>
			<string>&lt;group&gt;</string>
		</dict>
		<key>B6339AE91DC6E9780071AD70</key>
		<dict>
			<key>fileEncoding</key>
			<string>4</string>
			<key>isa</key>
			<string>PBXFileReference</string>
			<key>lastKnownFileType</key>
			<string>sourcecode.c.objc</string>
			<key>path</key>
			<string>MJRefreshAutoGifFooter.m</string>
			<key>sourceTree</key>
			<string>&lt;group&gt;</string>
		</dict>
		<key>B6339AEA1DC6E9780071AD70</key>
		<dict>
			<key>fileEncoding</key>
			<string>4</string>
			<key>isa</key>
			<string>PBXFileReference</string>
			<key>lastKnownFileType</key>
			<string>sourcecode.c.h</string>
			<key>path</key>
			<string>MJRefreshAutoNormalFooter.h</string>
			<key>sourceTree</key>
			<string>&lt;group&gt;</string>
		</dict>
		<key>B6339AEB1DC6E9780071AD70</key>
		<dict>
			<key>fileEncoding</key>
			<string>4</string>
			<key>isa</key>
			<string>PBXFileReference</string>
			<key>lastKnownFileType</key>
			<string>sourcecode.c.objc</string>
			<key>path</key>
			<string>MJRefreshAutoNormalFooter.m</string>
			<key>sourceTree</key>
			<string>&lt;group&gt;</string>
		</dict>
		<key>B6339AEC1DC6E9780071AD70</key>
		<dict>
			<key>fileEncoding</key>
			<string>4</string>
			<key>isa</key>
			<string>PBXFileReference</string>
			<key>lastKnownFileType</key>
			<string>sourcecode.c.h</string>
			<key>path</key>
			<string>MJRefreshAutoStateFooter.h</string>
			<key>sourceTree</key>
			<string>&lt;group&gt;</string>
		</dict>
		<key>B6339AED1DC6E9780071AD70</key>
		<dict>
			<key>fileEncoding</key>
			<string>4</string>
			<key>isa</key>
			<string>PBXFileReference</string>
			<key>lastKnownFileType</key>
			<string>sourcecode.c.objc</string>
			<key>path</key>
			<string>MJRefreshAutoStateFooter.m</string>
			<key>sourceTree</key>
			<string>&lt;group&gt;</string>
		</dict>
		<key>B6339AEE1DC6E9780071AD70</key>
		<dict>
			<key>children</key>
			<array>
				<string>B6339AEF1DC6E9780071AD70</string>
				<string>B6339AF01DC6E9780071AD70</string>
				<string>B6339AF11DC6E9780071AD70</string>
				<string>B6339AF21DC6E9780071AD70</string>
				<string>B6339AF31DC6E9780071AD70</string>
				<string>B6339AF41DC6E9780071AD70</string>
			</array>
			<key>isa</key>
			<string>PBXGroup</string>
			<key>path</key>
			<string>Back</string>
			<key>sourceTree</key>
			<string>&lt;group&gt;</string>
		</dict>
		<key>B6339AEF1DC6E9780071AD70</key>
		<dict>
			<key>fileEncoding</key>
			<string>4</string>
			<key>isa</key>
			<string>PBXFileReference</string>
			<key>lastKnownFileType</key>
			<string>sourcecode.c.h</string>
			<key>path</key>
			<string>MJRefreshBackGifFooter.h</string>
			<key>sourceTree</key>
			<string>&lt;group&gt;</string>
		</dict>
		<key>B6339AF01DC6E9780071AD70</key>
		<dict>
			<key>fileEncoding</key>
			<string>4</string>
			<key>isa</key>
			<string>PBXFileReference</string>
			<key>lastKnownFileType</key>
			<string>sourcecode.c.objc</string>
			<key>path</key>
			<string>MJRefreshBackGifFooter.m</string>
			<key>sourceTree</key>
			<string>&lt;group&gt;</string>
		</dict>
		<key>B6339AF11DC6E9780071AD70</key>
		<dict>
			<key>fileEncoding</key>
			<string>4</string>
			<key>isa</key>
			<string>PBXFileReference</string>
			<key>lastKnownFileType</key>
			<string>sourcecode.c.h</string>
			<key>path</key>
			<string>MJRefreshBackNormalFooter.h</string>
			<key>sourceTree</key>
			<string>&lt;group&gt;</string>
		</dict>
		<key>B6339AF21DC6E9780071AD70</key>
		<dict>
			<key>fileEncoding</key>
			<string>4</string>
			<key>isa</key>
			<string>PBXFileReference</string>
			<key>lastKnownFileType</key>
			<string>sourcecode.c.objc</string>
			<key>path</key>
			<string>MJRefreshBackNormalFooter.m</string>
			<key>sourceTree</key>
			<string>&lt;group&gt;</string>
		</dict>
		<key>B6339AF31DC6E9780071AD70</key>
		<dict>
			<key>fileEncoding</key>
			<string>4</string>
			<key>isa</key>
			<string>PBXFileReference</string>
			<key>lastKnownFileType</key>
			<string>sourcecode.c.h</string>
			<key>path</key>
			<string>MJRefreshBackStateFooter.h</string>
			<key>sourceTree</key>
			<string>&lt;group&gt;</string>
		</dict>
		<key>B6339AF41DC6E9780071AD70</key>
		<dict>
			<key>fileEncoding</key>
			<string>4</string>
			<key>isa</key>
			<string>PBXFileReference</string>
			<key>lastKnownFileType</key>
			<string>sourcecode.c.objc</string>
			<key>path</key>
			<string>MJRefreshBackStateFooter.m</string>
			<key>sourceTree</key>
			<string>&lt;group&gt;</string>
		</dict>
		<key>B6339AF51DC6E9780071AD70</key>
		<dict>
			<key>children</key>
			<array>
				<string>B6339AF61DC6E9780071AD70</string>
				<string>B6339AF71DC6E9780071AD70</string>
				<string>B6339AF81DC6E9780071AD70</string>
				<string>B6339AF91DC6E9780071AD70</string>
				<string>B6339AFA1DC6E9780071AD70</string>
				<string>B6339AFB1DC6E9780071AD70</string>
			</array>
			<key>isa</key>
			<string>PBXGroup</string>
			<key>path</key>
			<string>Header</string>
			<key>sourceTree</key>
			<string>&lt;group&gt;</string>
		</dict>
		<key>B6339AF61DC6E9780071AD70</key>
		<dict>
			<key>fileEncoding</key>
			<string>4</string>
			<key>isa</key>
			<string>PBXFileReference</string>
			<key>lastKnownFileType</key>
			<string>sourcecode.c.h</string>
			<key>path</key>
			<string>MJRefreshGifHeader.h</string>
			<key>sourceTree</key>
			<string>&lt;group&gt;</string>
		</dict>
		<key>B6339AF71DC6E9780071AD70</key>
		<dict>
			<key>fileEncoding</key>
			<string>4</string>
			<key>isa</key>
			<string>PBXFileReference</string>
			<key>lastKnownFileType</key>
			<string>sourcecode.c.objc</string>
			<key>path</key>
			<string>MJRefreshGifHeader.m</string>
			<key>sourceTree</key>
			<string>&lt;group&gt;</string>
		</dict>
		<key>B6339AF81DC6E9780071AD70</key>
		<dict>
			<key>fileEncoding</key>
			<string>4</string>
			<key>isa</key>
			<string>PBXFileReference</string>
			<key>lastKnownFileType</key>
			<string>sourcecode.c.h</string>
			<key>path</key>
			<string>MJRefreshNormalHeader.h</string>
			<key>sourceTree</key>
			<string>&lt;group&gt;</string>
		</dict>
		<key>B6339AF91DC6E9780071AD70</key>
		<dict>
			<key>fileEncoding</key>
			<string>4</string>
			<key>isa</key>
			<string>PBXFileReference</string>
			<key>lastKnownFileType</key>
			<string>sourcecode.c.objc</string>
			<key>path</key>
			<string>MJRefreshNormalHeader.m</string>
			<key>sourceTree</key>
			<string>&lt;group&gt;</string>
		</dict>
		<key>B6339AFA1DC6E9780071AD70</key>
		<dict>
			<key>fileEncoding</key>
			<string>4</string>
			<key>isa</key>
			<string>PBXFileReference</string>
			<key>lastKnownFileType</key>
			<string>sourcecode.c.h</string>
			<key>path</key>
			<string>MJRefreshStateHeader.h</string>
			<key>sourceTree</key>
			<string>&lt;group&gt;</string>
		</dict>
		<key>B6339AFB1DC6E9780071AD70</key>
		<dict>
			<key>fileEncoding</key>
			<string>4</string>
			<key>isa</key>
			<string>PBXFileReference</string>
			<key>lastKnownFileType</key>
			<string>sourcecode.c.objc</string>
			<key>path</key>
			<string>MJRefreshStateHeader.m</string>
			<key>sourceTree</key>
			<string>&lt;group&gt;</string>
		</dict>
		<key>B6339AFC1DC6E9780071AD70</key>
		<dict>
			<key>isa</key>
			<string>PBXFileReference</string>
			<key>lastKnownFileType</key>
			<string>wrapper.plug-in</string>
			<key>path</key>
			<string>MJRefresh.bundle</string>
			<key>sourceTree</key>
			<string>&lt;group&gt;</string>
		</dict>
		<key>B6339AFD1DC6E9780071AD70</key>
		<dict>
			<key>fileEncoding</key>
			<string>4</string>
			<key>isa</key>
			<string>PBXFileReference</string>
			<key>lastKnownFileType</key>
			<string>sourcecode.c.h</string>
			<key>path</key>
			<string>MJRefresh.h</string>
			<key>sourceTree</key>
			<string>&lt;group&gt;</string>
		</dict>
		<key>B6339AFE1DC6E9780071AD70</key>
		<dict>
			<key>fileEncoding</key>
			<string>4</string>
			<key>isa</key>
			<string>PBXFileReference</string>
			<key>lastKnownFileType</key>
			<string>sourcecode.c.h</string>
			<key>path</key>
			<string>MJRefreshConst.h</string>
			<key>sourceTree</key>
			<string>&lt;group&gt;</string>
		</dict>
		<key>B6339AFF1DC6E9780071AD70</key>
		<dict>
			<key>fileEncoding</key>
			<string>4</string>
			<key>isa</key>
			<string>PBXFileReference</string>
			<key>lastKnownFileType</key>
			<string>sourcecode.c.objc</string>
			<key>path</key>
			<string>MJRefreshConst.m</string>
			<key>sourceTree</key>
			<string>&lt;group&gt;</string>
		</dict>
		<key>B6339B001DC6E9780071AD70</key>
		<dict>
			<key>fileEncoding</key>
			<string>4</string>
			<key>isa</key>
			<string>PBXFileReference</string>
			<key>lastKnownFileType</key>
			<string>sourcecode.c.h</string>
			<key>path</key>
			<string>UIScrollView+MJExtension.h</string>
			<key>sourceTree</key>
			<string>&lt;group&gt;</string>
		</dict>
		<key>B6339B011DC6E9780071AD70</key>
		<dict>
			<key>fileEncoding</key>
			<string>4</string>
			<key>isa</key>
			<string>PBXFileReference</string>
			<key>lastKnownFileType</key>
			<string>sourcecode.c.objc</string>
			<key>path</key>
			<string>UIScrollView+MJExtension.m</string>
			<key>sourceTree</key>
			<string>&lt;group&gt;</string>
		</dict>
		<key>B6339B021DC6E9780071AD70</key>
		<dict>
			<key>fileEncoding</key>
			<string>4</string>
			<key>isa</key>
			<string>PBXFileReference</string>
			<key>lastKnownFileType</key>
			<string>sourcecode.c.h</string>
			<key>path</key>
			<string>UIScrollView+MJRefresh.h</string>
			<key>sourceTree</key>
			<string>&lt;group&gt;</string>
		</dict>
		<key>B6339B031DC6E9780071AD70</key>
		<dict>
			<key>fileEncoding</key>
			<string>4</string>
			<key>isa</key>
			<string>PBXFileReference</string>
			<key>lastKnownFileType</key>
			<string>sourcecode.c.objc</string>
			<key>path</key>
			<string>UIScrollView+MJRefresh.m</string>
			<key>sourceTree</key>
			<string>&lt;group&gt;</string>
		</dict>
		<key>B6339B041DC6E9780071AD70</key>
		<dict>
			<key>fileEncoding</key>
			<string>4</string>
			<key>isa</key>
			<string>PBXFileReference</string>
			<key>lastKnownFileType</key>
			<string>sourcecode.c.h</string>
			<key>path</key>
			<string>UIView+MJExtension.h</string>
			<key>sourceTree</key>
			<string>&lt;group&gt;</string>
		</dict>
		<key>B6339B051DC6E9780071AD70</key>
		<dict>
			<key>fileEncoding</key>
			<string>4</string>
			<key>isa</key>
			<string>PBXFileReference</string>
			<key>lastKnownFileType</key>
			<string>sourcecode.c.objc</string>
			<key>path</key>
			<string>UIView+MJExtension.m</string>
			<key>sourceTree</key>
			<string>&lt;group&gt;</string>
		</dict>
		<key>B6339B061DC6E9780071AD70</key>
		<dict>
			<key>children</key>
			<array>
				<string>B6339B071DC6E9780071AD70</string>
				<string>B6339B101DC6E9780071AD70</string>
				<string>B6339B111DC6E9780071AD70</string>
				<string>B6339B121DC6E9780071AD70</string>
				<string>B6339B131DC6E9780071AD70</string>
				<string>B6339B141DC6E9780071AD70</string>
				<string>B6339B151DC6E9780071AD70</string>
			</array>
			<key>isa</key>
			<string>PBXGroup</string>
			<key>path</key>
			<string>SDCycleScrollView</string>
			<key>sourceTree</key>
			<string>&lt;group&gt;</string>
		</dict>
		<key>B6339B071DC6E9780071AD70</key>
		<dict>
			<key>children</key>
			<array>
				<string>B6339B081DC6E9780071AD70</string>
				<string>B6339B091DC6E9780071AD70</string>
				<string>B6339B0A1DC6E9780071AD70</string>
				<string>B6339B0B1DC6E9780071AD70</string>
				<string>B6339B0C1DC6E9780071AD70</string>
				<string>B6339B0D1DC6E9780071AD70</string>
				<string>B6339B0E1DC6E9780071AD70</string>
				<string>B6339B0F1DC6E9780071AD70</string>
			</array>
			<key>isa</key>
			<string>PBXGroup</string>
			<key>path</key>
			<string>PageControl</string>
			<key>sourceTree</key>
			<string>&lt;group&gt;</string>
		</dict>
		<key>B6339B081DC6E9780071AD70</key>
		<dict>
			<key>fileEncoding</key>
			<string>4</string>
			<key>isa</key>
			<string>PBXFileReference</string>
			<key>lastKnownFileType</key>
			<string>sourcecode.c.h</string>
			<key>path</key>
			<string>TAAbstractDotView.h</string>
			<key>sourceTree</key>
			<string>&lt;group&gt;</string>
		</dict>
		<key>B6339B091DC6E9780071AD70</key>
		<dict>
			<key>fileEncoding</key>
			<string>4</string>
			<key>isa</key>
			<string>PBXFileReference</string>
			<key>lastKnownFileType</key>
			<string>sourcecode.c.objc</string>
			<key>path</key>
			<string>TAAbstractDotView.m</string>
			<key>sourceTree</key>
			<string>&lt;group&gt;</string>
		</dict>
		<key>B6339B0A1DC6E9780071AD70</key>
		<dict>
			<key>fileEncoding</key>
			<string>4</string>
			<key>isa</key>
			<string>PBXFileReference</string>
			<key>lastKnownFileType</key>
			<string>sourcecode.c.h</string>
			<key>path</key>
			<string>TAAnimatedDotView.h</string>
			<key>sourceTree</key>
			<string>&lt;group&gt;</string>
		</dict>
		<key>B6339B0B1DC6E9780071AD70</key>
		<dict>
			<key>fileEncoding</key>
			<string>4</string>
			<key>isa</key>
			<string>PBXFileReference</string>
			<key>lastKnownFileType</key>
			<string>sourcecode.c.objc</string>
			<key>path</key>
			<string>TAAnimatedDotView.m</string>
			<key>sourceTree</key>
			<string>&lt;group&gt;</string>
		</dict>
		<key>B6339B0C1DC6E9780071AD70</key>
		<dict>
			<key>fileEncoding</key>
			<string>4</string>
			<key>isa</key>
			<string>PBXFileReference</string>
			<key>lastKnownFileType</key>
			<string>sourcecode.c.h</string>
			<key>path</key>
			<string>TADotView.h</string>
			<key>sourceTree</key>
			<string>&lt;group&gt;</string>
		</dict>
		<key>B6339B0D1DC6E9780071AD70</key>
		<dict>
			<key>fileEncoding</key>
			<string>4</string>
			<key>isa</key>
			<string>PBXFileReference</string>
			<key>lastKnownFileType</key>
			<string>sourcecode.c.objc</string>
			<key>path</key>
			<string>TADotView.m</string>
			<key>sourceTree</key>
			<string>&lt;group&gt;</string>
		</dict>
		<key>B6339B0E1DC6E9780071AD70</key>
		<dict>
			<key>fileEncoding</key>
			<string>4</string>
			<key>isa</key>
			<string>PBXFileReference</string>
			<key>lastKnownFileType</key>
			<string>sourcecode.c.h</string>
			<key>path</key>
			<string>TAPageControl.h</string>
			<key>sourceTree</key>
			<string>&lt;group&gt;</string>
		</dict>
		<key>B6339B0F1DC6E9780071AD70</key>
		<dict>
			<key>fileEncoding</key>
			<string>4</string>
			<key>isa</key>
			<string>PBXFileReference</string>
			<key>lastKnownFileType</key>
			<string>sourcecode.c.objc</string>
			<key>path</key>
			<string>TAPageControl.m</string>
			<key>sourceTree</key>
			<string>&lt;group&gt;</string>
		</dict>
		<key>B6339B101DC6E9780071AD70</key>
		<dict>
			<key>fileEncoding</key>
			<string>4</string>
			<key>isa</key>
			<string>PBXFileReference</string>
			<key>lastKnownFileType</key>
			<string>sourcecode.c.h</string>
			<key>path</key>
			<string>SDCollectionViewCell.h</string>
			<key>sourceTree</key>
			<string>&lt;group&gt;</string>
		</dict>
		<key>B6339B111DC6E9780071AD70</key>
		<dict>
			<key>fileEncoding</key>
			<string>4</string>
			<key>isa</key>
			<string>PBXFileReference</string>
			<key>lastKnownFileType</key>
			<string>sourcecode.c.objc</string>
			<key>path</key>
			<string>SDCollectionViewCell.m</string>
			<key>sourceTree</key>
			<string>&lt;group&gt;</string>
		</dict>
		<key>B6339B121DC6E9780071AD70</key>
		<dict>
			<key>fileEncoding</key>
			<string>4</string>
			<key>isa</key>
			<string>PBXFileReference</string>
			<key>lastKnownFileType</key>
			<string>sourcecode.c.h</string>
			<key>path</key>
			<string>SDCycleScrollView.h</string>
			<key>sourceTree</key>
			<string>&lt;group&gt;</string>
		</dict>
		<key>B6339B131DC6E9780071AD70</key>
		<dict>
			<key>fileEncoding</key>
			<string>4</string>
			<key>isa</key>
			<string>PBXFileReference</string>
			<key>lastKnownFileType</key>
			<string>sourcecode.c.objc</string>
			<key>path</key>
			<string>SDCycleScrollView.m</string>
			<key>sourceTree</key>
			<string>&lt;group&gt;</string>
		</dict>
		<key>B6339B141DC6E9780071AD70</key>
		<dict>
			<key>fileEncoding</key>
			<string>4</string>
			<key>isa</key>
			<string>PBXFileReference</string>
			<key>lastKnownFileType</key>
			<string>sourcecode.c.h</string>
			<key>path</key>
			<string>UIView+SDExtension.h</string>
			<key>sourceTree</key>
			<string>&lt;group&gt;</string>
		</dict>
		<key>B6339B151DC6E9780071AD70</key>
		<dict>
			<key>fileEncoding</key>
			<string>4</string>
			<key>isa</key>
			<string>PBXFileReference</string>
			<key>lastKnownFileType</key>
			<string>sourcecode.c.objc</string>
			<key>path</key>
			<string>UIView+SDExtension.m</string>
			<key>sourceTree</key>
			<string>&lt;group&gt;</string>
		</dict>
		<key>B6339B161DC6E9780071AD70</key>
		<dict>
			<key>fileEncoding</key>
			<string>4</string>
			<key>isa</key>
			<string>PBXFileReference</string>
			<key>lastKnownFileType</key>
			<string>sourcecode.c.h</string>
			<key>path</key>
			<string>LW_ChooseRootViewControllerTool.h</string>
			<key>sourceTree</key>
			<string>&lt;group&gt;</string>
		</dict>
		<key>B6339B171DC6E9780071AD70</key>
		<dict>
			<key>fileEncoding</key>
			<string>4</string>
			<key>isa</key>
			<string>PBXFileReference</string>
			<key>lastKnownFileType</key>
			<string>sourcecode.c.objc</string>
			<key>path</key>
			<string>LW_ChooseRootViewControllerTool.m</string>
			<key>sourceTree</key>
			<string>&lt;group&gt;</string>
		</dict>
		<key>B6339B181DC6E9780071AD70</key>
		<dict>
			<key>children</key>
			<array>
				<string>B6339B191DC6E9780071AD70</string>
				<string>B6339B1C1DC6E9780071AD70</string>
				<string>B6339B1F1DC6E9780071AD70</string>
			</array>
			<key>isa</key>
			<string>PBXGroup</string>
			<key>path</key>
			<string>ServiceManager</string>
			<key>sourceTree</key>
			<string>&lt;group&gt;</string>
		</dict>
		<key>B6339B191DC6E9780071AD70</key>
		<dict>
			<key>children</key>
			<array>
				<string>B6339B1A1DC6E9780071AD70</string>
				<string>B6339B1B1DC6E9780071AD70</string>
			</array>
			<key>isa</key>
			<string>PBXGroup</string>
			<key>path</key>
			<string>DictionaryToModel</string>
			<key>sourceTree</key>
			<string>&lt;group&gt;</string>
		</dict>
		<key>B6339B1A1DC6E9780071AD70</key>
		<dict>
			<key>fileEncoding</key>
			<string>4</string>
			<key>isa</key>
			<string>PBXFileReference</string>
			<key>lastKnownFileType</key>
			<string>sourcecode.c.h</string>
			<key>path</key>
			<string>DictionaryToModelManager.h</string>
			<key>sourceTree</key>
			<string>&lt;group&gt;</string>
		</dict>
		<key>B6339B1B1DC6E9780071AD70</key>
		<dict>
			<key>fileEncoding</key>
			<string>4</string>
			<key>isa</key>
			<string>PBXFileReference</string>
			<key>lastKnownFileType</key>
			<string>sourcecode.c.objc</string>
			<key>path</key>
			<string>DictionaryToModelManager.m</string>
			<key>sourceTree</key>
			<string>&lt;group&gt;</string>
		</dict>
		<key>B6339B1C1DC6E9780071AD70</key>
		<dict>
			<key>children</key>
			<array>
				<string>B6339B1D1DC6E9780071AD70</string>
				<string>B6339B1E1DC6E9780071AD70</string>
			</array>
			<key>isa</key>
			<string>PBXGroup</string>
			<key>path</key>
			<string>NetWorking</string>
			<key>sourceTree</key>
			<string>&lt;group&gt;</string>
		</dict>
		<key>B6339B1D1DC6E9780071AD70</key>
		<dict>
			<key>fileEncoding</key>
			<string>4</string>
			<key>isa</key>
			<string>PBXFileReference</string>
			<key>lastKnownFileType</key>
			<string>sourcecode.c.h</string>
			<key>path</key>
			<string>LW_HTTPSessionManager.h</string>
			<key>sourceTree</key>
			<string>&lt;group&gt;</string>
		</dict>
		<key>B6339B1E1DC6E9780071AD70</key>
		<dict>
			<key>fileEncoding</key>
			<string>4</string>
			<key>isa</key>
			<string>PBXFileReference</string>
			<key>lastKnownFileType</key>
			<string>sourcecode.c.objc</string>
			<key>path</key>
			<string>LW_HTTPSessionManager.m</string>
			<key>sourceTree</key>
			<string>&lt;group&gt;</string>
		</dict>
		<key>B6339B1F1DC6E9780071AD70</key>
		<dict>
			<key>children</key>
			<array>
				<string>B6339B201DC6E9780071AD70</string>
				<string>B6339B211DC6E9780071AD70</string>
			</array>
			<key>isa</key>
			<string>PBXGroup</string>
			<key>path</key>
			<string>SaveFile</string>
			<key>sourceTree</key>
			<string>&lt;group&gt;</string>
		</dict>
		<key>B6339B201DC6E9780071AD70</key>
		<dict>
			<key>fileEncoding</key>
			<string>4</string>
			<key>isa</key>
			<string>PBXFileReference</string>
			<key>lastKnownFileType</key>
			<string>sourcecode.c.h</string>
			<key>path</key>
			<string>LW_SaveFileManager.h</string>
			<key>sourceTree</key>
			<string>&lt;group&gt;</string>
		</dict>
		<key>B6339B211DC6E9780071AD70</key>
		<dict>
			<key>fileEncoding</key>
			<string>4</string>
			<key>isa</key>
			<string>PBXFileReference</string>
			<key>lastKnownFileType</key>
			<string>sourcecode.c.objc</string>
			<key>path</key>
			<string>LW_SaveFileManager.m</string>
			<key>sourceTree</key>
			<string>&lt;group&gt;</string>
		</dict>
		<key>B6339B221DC6E9780071AD70</key>
		<dict>
			<key>children</key>
			<array>
				<string>B6339B231DC6E9780071AD70</string>
				<string>B6339B281DC6E9780071AD70</string>
				<string>B6339B2F1DC6E9780071AD70</string>
				<string>B6339B341DC6E9780071AD70</string>
				<string>B6339B391DC6E9780071AD70</string>
				<string>B6339B3E1DC6E9780071AD70</string>
				<string>B6339B431DC6E9780071AD70</string>
			</array>
			<key>isa</key>
			<string>PBXGroup</string>
			<key>path</key>
			<string>View</string>
			<key>sourceTree</key>
			<string>&lt;group&gt;</string>
		</dict>
		<key>B6339B231DC6E9780071AD70</key>
		<dict>
			<key>children</key>
			<array>
				<string>B6339B241DC6E9780071AD70</string>
				<string>B6339B271DC6E9780071AD70</string>
			</array>
			<key>isa</key>
			<string>PBXGroup</string>
			<key>path</key>
			<string>Guide</string>
			<key>sourceTree</key>
			<string>&lt;group&gt;</string>
		</dict>
		<key>B6339B241DC6E9780071AD70</key>
		<dict>
			<key>children</key>
			<array>
				<string>B6339B251DC6E9780071AD70</string>
				<string>B6339B261DC6E9780071AD70</string>
			</array>
			<key>isa</key>
			<string>PBXGroup</string>
			<key>path</key>
			<string>Controller</string>
			<key>sourceTree</key>
			<string>&lt;group&gt;</string>
		</dict>
		<key>B6339B251DC6E9780071AD70</key>
		<dict>
			<key>fileEncoding</key>
			<string>4</string>
			<key>isa</key>
			<string>PBXFileReference</string>
			<key>lastKnownFileType</key>
			<string>sourcecode.c.h</string>
			<key>path</key>
			<string>LW_GuideViewController.h</string>
			<key>sourceTree</key>
			<string>&lt;group&gt;</string>
		</dict>
		<key>B6339B261DC6E9780071AD70</key>
		<dict>
			<key>fileEncoding</key>
			<string>4</string>
			<key>isa</key>
			<string>PBXFileReference</string>
			<key>lastKnownFileType</key>
			<string>sourcecode.c.objc</string>
			<key>path</key>
			<string>LW_GuideViewController.m</string>
			<key>sourceTree</key>
			<string>&lt;group&gt;</string>
		</dict>
		<key>B6339B271DC6E9780071AD70</key>
		<dict>
			<key>children</key>
			<array/>
			<key>isa</key>
			<string>PBXGroup</string>
			<key>path</key>
			<string>View</string>
			<key>sourceTree</key>
			<string>&lt;group&gt;</string>
		</dict>
		<key>B6339B281DC6E9780071AD70</key>
		<dict>
			<key>children</key>
			<array>
				<string>B6339B291DC6E9780071AD70</string>
				<string>B6339B2E1DC6E9780071AD70</string>
			</array>
			<key>isa</key>
			<string>PBXGroup</string>
			<key>path</key>
			<string>Home</string>
			<key>sourceTree</key>
			<string>&lt;group&gt;</string>
		</dict>
		<key>B6339B291DC6E9780071AD70</key>
		<dict>
			<key>children</key>
			<array>
				<string>B6339B2A1DC6E9780071AD70</string>
				<string>B6339B2B1DC6E9780071AD70</string>
				<string>B6339B2C1DC6E9780071AD70</string>
				<string>B6339B2D1DC6E9780071AD70</string>
			</array>
			<key>isa</key>
			<string>PBXGroup</string>
			<key>path</key>
			<string>Controller</string>
			<key>sourceTree</key>
			<string>&lt;group&gt;</string>
		</dict>
		<key>B6339B2A1DC6E9780071AD70</key>
		<dict>
			<key>fileEncoding</key>
			<string>4</string>
			<key>isa</key>
			<string>PBXFileReference</string>
			<key>lastKnownFileType</key>
			<string>sourcecode.c.h</string>
			<key>path</key>
			<string>LW_HomeTableViewController.h</string>
			<key>sourceTree</key>
			<string>&lt;group&gt;</string>
		</dict>
		<key>B6339B2B1DC6E9780071AD70</key>
		<dict>
			<key>fileEncoding</key>
			<string>4</string>
			<key>isa</key>
			<string>PBXFileReference</string>
			<key>lastKnownFileType</key>
			<string>sourcecode.c.objc</string>
			<key>path</key>
			<string>LW_HomeTableViewController.m</string>
			<key>sourceTree</key>
			<string>&lt;group&gt;</string>
		</dict>
		<key>B6339B2C1DC6E9780071AD70</key>
		<dict>
			<key>fileEncoding</key>
			<string>4</string>
			<key>isa</key>
			<string>PBXFileReference</string>
			<key>lastKnownFileType</key>
			<string>sourcecode.c.h</string>
			<key>path</key>
			<string>LW_ProductCollectionViewController.h</string>
			<key>sourceTree</key>
			<string>&lt;group&gt;</string>
		</dict>
		<key>B6339B2D1DC6E9780071AD70</key>
		<dict>
			<key>fileEncoding</key>
			<string>4</string>
			<key>isa</key>
			<string>PBXFileReference</string>
			<key>lastKnownFileType</key>
			<string>sourcecode.c.objc</string>
			<key>path</key>
			<string>LW_ProductCollectionViewController.m</string>
			<key>sourceTree</key>
			<string>&lt;group&gt;</string>
		</dict>
		<key>B6339B2E1DC6E9780071AD70</key>
		<dict>
			<key>children</key>
			<array/>
			<key>isa</key>
			<string>PBXGroup</string>
			<key>path</key>
			<string>View</string>
			<key>sourceTree</key>
			<string>&lt;group&gt;</string>
		</dict>
		<key>B6339B2F1DC6E9780071AD70</key>
		<dict>
			<key>children</key>
			<array>
				<string>B6339B301DC6E9780071AD70</string>
				<string>B6339B331DC6E9780071AD70</string>
			</array>
			<key>isa</key>
			<string>PBXGroup</string>
			<key>path</key>
			<string>Main</string>
			<key>sourceTree</key>
			<string>&lt;group&gt;</string>
		</dict>
		<key>B6339B301DC6E9780071AD70</key>
		<dict>
			<key>children</key>
			<array>
				<string>B6339B311DC6E9780071AD70</string>
				<string>B6339B321DC6E9780071AD70</string>
			</array>
			<key>isa</key>
			<string>PBXGroup</string>
			<key>path</key>
			<string>Controller</string>
			<key>sourceTree</key>
			<string>&lt;group&gt;</string>
		</dict>
		<key>B6339B311DC6E9780071AD70</key>
		<dict>
			<key>fileEncoding</key>
			<string>4</string>
			<key>isa</key>
			<string>PBXFileReference</string>
			<key>lastKnownFileType</key>
			<string>sourcecode.c.h</string>
			<key>path</key>
			<string>LW_MainTabBarController.h</string>
			<key>sourceTree</key>
			<string>&lt;group&gt;</string>
		</dict>
		<key>B6339B321DC6E9780071AD70</key>
		<dict>
			<key>fileEncoding</key>
			<string>4</string>
			<key>isa</key>
			<string>PBXFileReference</string>
			<key>lastKnownFileType</key>
			<string>sourcecode.c.objc</string>
			<key>path</key>
			<string>LW_MainTabBarController.m</string>
			<key>sourceTree</key>
			<string>&lt;group&gt;</string>
		</dict>
		<key>B6339B331DC6E9780071AD70</key>
		<dict>
			<key>children</key>
			<array/>
			<key>isa</key>
			<string>PBXGroup</string>
			<key>path</key>
			<string>View</string>
			<key>sourceTree</key>
			<string>&lt;group&gt;</string>
		</dict>
		<key>B6339B341DC6E9780071AD70</key>
		<dict>
			<key>children</key>
			<array>
				<string>B6339B351DC6E9780071AD70</string>
				<string>B6339B381DC6E9780071AD70</string>
			</array>
			<key>isa</key>
			<string>PBXGroup</string>
			<key>path</key>
			<string>Mine</string>
			<key>sourceTree</key>
			<string>&lt;group&gt;</string>
		</dict>
		<key>B6339B351DC6E9780071AD70</key>
		<dict>
			<key>children</key>
			<array>
				<string>B6339B361DC6E9780071AD70</string>
				<string>B6339B371DC6E9780071AD70</string>
			</array>
			<key>isa</key>
			<string>PBXGroup</string>
			<key>path</key>
			<string>Controller</string>
			<key>sourceTree</key>
			<string>&lt;group&gt;</string>
		</dict>
		<key>B6339B361DC6E9780071AD70</key>
		<dict>
			<key>fileEncoding</key>
			<string>4</string>
			<key>isa</key>
			<string>PBXFileReference</string>
			<key>lastKnownFileType</key>
			<string>sourcecode.c.h</string>
			<key>path</key>
			<string>LW_MineTableViewController.h</string>
			<key>sourceTree</key>
			<string>&lt;group&gt;</string>
		</dict>
		<key>B6339B371DC6E9780071AD70</key>
		<dict>
			<key>fileEncoding</key>
			<string>4</string>
			<key>isa</key>
			<string>PBXFileReference</string>
			<key>lastKnownFileType</key>
			<string>sourcecode.c.objc</string>
			<key>path</key>
			<string>LW_MineTableViewController.m</string>
			<key>sourceTree</key>
			<string>&lt;group&gt;</string>
		</dict>
		<key>B6339B381DC6E9780071AD70</key>
		<dict>
			<key>children</key>
			<array/>
			<key>isa</key>
			<string>PBXGroup</string>
			<key>path</key>
			<string>View</string>
			<key>sourceTree</key>
			<string>&lt;group&gt;</string>
		</dict>
		<key>B6339B391DC6E9780071AD70</key>
		<dict>
			<key>children</key>
			<array>
				<string>B6339B3A1DC6E9780071AD70</string>
				<string>B6339B3D1DC6E9780071AD70</string>
			</array>
			<key>isa</key>
			<string>PBXGroup</string>
			<key>path</key>
			<string>ShopCar</string>
			<key>sourceTree</key>
			<string>&lt;group&gt;</string>
		</dict>
		<key>B6339B3A1DC6E9780071AD70</key>
		<dict>
			<key>children</key>
			<array>
				<string>B6339B3B1DC6E9780071AD70</string>
				<string>B6339B3C1DC6E9780071AD70</string>
			</array>
			<key>isa</key>
			<string>PBXGroup</string>
			<key>path</key>
			<string>Controller</string>
			<key>sourceTree</key>
			<string>&lt;group&gt;</string>
		</dict>
		<key>B6339B3B1DC6E9780071AD70</key>
		<dict>
			<key>fileEncoding</key>
			<string>4</string>
			<key>isa</key>
			<string>PBXFileReference</string>
			<key>lastKnownFileType</key>
			<string>sourcecode.c.h</string>
			<key>path</key>
			<string>LW_ShopCarTableViewController.h</string>
			<key>sourceTree</key>
			<string>&lt;group&gt;</string>
		</dict>
		<key>B6339B3C1DC6E9780071AD70</key>
		<dict>
			<key>fileEncoding</key>
			<string>4</string>
			<key>isa</key>
			<string>PBXFileReference</string>
			<key>lastKnownFileType</key>
			<string>sourcecode.c.objc</string>
			<key>path</key>
			<string>LW_ShopCarTableViewController.m</string>
			<key>sourceTree</key>
			<string>&lt;group&gt;</string>
		</dict>
		<key>B6339B3D1DC6E9780071AD70</key>
		<dict>
			<key>children</key>
			<array/>
			<key>isa</key>
			<string>PBXGroup</string>
			<key>path</key>
			<string>View</string>
			<key>sourceTree</key>
			<string>&lt;group&gt;</string>
		</dict>
		<key>B6339B3E1DC6E9780071AD70</key>
		<dict>
			<key>children</key>
			<array>
				<string>B6339B3F1DC6E9780071AD70</string>
				<string>B6339B421DC6E9780071AD70</string>
			</array>
			<key>isa</key>
			<string>PBXGroup</string>
			<key>path</key>
			<string>SuperMarket</string>
			<key>sourceTree</key>
			<string>&lt;group&gt;</string>
		</dict>
		<key>B6339B3F1DC6E9780071AD70</key>
		<dict>
			<key>children</key>
			<array>
				<string>B6339B401DC6E9780071AD70</string>
				<string>B6339B411DC6E9780071AD70</string>
			</array>
			<key>isa</key>
			<string>PBXGroup</string>
			<key>path</key>
			<string>Controller</string>
			<key>sourceTree</key>
			<string>&lt;group&gt;</string>
		</dict>
		<key>B6339B401DC6E9780071AD70</key>
		<dict>
			<key>fileEncoding</key>
			<string>4</string>
			<key>isa</key>
			<string>PBXFileReference</string>
			<key>lastKnownFileType</key>
			<string>sourcecode.c.h</string>
			<key>path</key>
			<string>LW_SuperMarketViewController.h</string>
			<key>sourceTree</key>
			<string>&lt;group&gt;</string>
		</dict>
		<key>B6339B411DC6E9780071AD70</key>
		<dict>
			<key>fileEncoding</key>
			<string>4</string>
			<key>isa</key>
			<string>PBXFileReference</string>
			<key>lastKnownFileType</key>
			<string>sourcecode.c.objc</string>
			<key>path</key>
			<string>LW_SuperMarketViewController.m</string>
			<key>sourceTree</key>
			<string>&lt;group&gt;</string>
		</dict>
		<key>B6339B421DC6E9780071AD70</key>
		<dict>
			<key>children</key>
			<array/>
			<key>isa</key>
			<string>PBXGroup</string>
			<key>path</key>
			<string>View</string>
			<key>sourceTree</key>
			<string>&lt;group&gt;</string>
		</dict>
		<key>B6339B431DC6E9780071AD70</key>
		<dict>
			<key>children</key>
			<array>
				<string>B6339B441DC6E9780071AD70</string>
				<string>B6339B451DC6E9780071AD70</string>
			</array>
			<key>isa</key>
			<string>PBXGroup</string>
			<key>path</key>
			<string>WebView</string>
			<key>sourceTree</key>
			<string>&lt;group&gt;</string>
		</dict>
		<key>B6339B441DC6E9780071AD70</key>
		<dict>
			<key>fileEncoding</key>
			<string>4</string>
			<key>isa</key>
			<string>PBXFileReference</string>
			<key>lastKnownFileType</key>
			<string>sourcecode.c.h</string>
			<key>path</key>
			<string>LW_WebViewController.h</string>
			<key>sourceTree</key>
			<string>&lt;group&gt;</string>
		</dict>
		<key>B6339B451DC6E9780071AD70</key>
		<dict>
			<key>fileEncoding</key>
			<string>4</string>
			<key>isa</key>
			<string>PBXFileReference</string>
			<key>lastKnownFileType</key>
			<string>sourcecode.c.objc</string>
			<key>path</key>
			<string>LW_WebViewController.m</string>
			<key>sourceTree</key>
			<string>&lt;group&gt;</string>
		</dict>
		<key>B6339B461DC6E9780071AD70</key>
		<dict>
			<key>children</key>
			<array/>
			<key>isa</key>
			<string>PBXGroup</string>
			<key>path</key>
			<string>ViewModel</string>
			<key>sourceTree</key>
			<string>&lt;group&gt;</string>
		</dict>
		<key>B6339B471DC6E9780071AD70</key>
		<dict>
			<key>fileRef</key>
			<string>B6339AB31DC6E9780071AD70</string>
			<key>isa</key>
			<string>PBXBuildFile</string>
		</dict>
		<key>B6339B481DC6E9780071AD70</key>
		<dict>
			<key>fileRef</key>
			<string>B6339AB51DC6E9780071AD70</string>
			<key>isa</key>
			<string>PBXBuildFile</string>
		</dict>
		<key>B6339B491DC6E9780071AD70</key>
		<dict>
			<key>fileRef</key>
			<string>B6339AB71DC6E9780071AD70</string>
			<key>isa</key>
			<string>PBXBuildFile</string>
		</dict>
		<key>B6339B4A1DC6E9780071AD70</key>
		<dict>
			<key>fileRef</key>
			<string>B6339ABD1DC6E9780071AD70</string>
			<key>isa</key>
			<string>PBXBuildFile</string>
		</dict>
		<key>B6339B4B1DC6E9780071AD70</key>
		<dict>
			<key>fileRef</key>
			<string>B6339AC21DC6E9780071AD70</string>
			<key>isa</key>
			<string>PBXBuildFile</string>
		</dict>
		<key>B6339B4C1DC6E9780071AD70</key>
		<dict>
			<key>fileRef</key>
			<string>B6339AC81DC6E9780071AD70</string>
			<key>isa</key>
			<string>PBXBuildFile</string>
		</dict>
		<key>B6339B4D1DC6E9780071AD70</key>
		<dict>
			<key>fileRef</key>
			<string>B6339ACA1DC6E9780071AD70</string>
			<key>isa</key>
			<string>PBXBuildFile</string>
		</dict>
		<key>B6339B4E1DC6E9780071AD70</key>
		<dict>
			<key>fileRef</key>
			<string>B6339ACC1DC6E9780071AD70</string>
			<key>isa</key>
			<string>PBXBuildFile</string>
		</dict>
		<key>B6339B4F1DC6E9780071AD70</key>
		<dict>
			<key>fileRef</key>
			<string>B6339ACE1DC6E9780071AD70</string>
			<key>isa</key>
			<string>PBXBuildFile</string>
		</dict>
		<key>B6339B501DC6E9780071AD70</key>
		<dict>
			<key>fileRef</key>
			<string>B6339AD01DC6E9780071AD70</string>
			<key>isa</key>
			<string>PBXBuildFile</string>
		</dict>
		<key>B6339B511DC6E9780071AD70</key>
		<dict>
			<key>fileRef</key>
			<string>B6339AD41DC6E9780071AD70</string>
			<key>isa</key>
			<string>PBXBuildFile</string>
		</dict>
		<key>B6339B521DC6E9780071AD70</key>
		<dict>
			<key>fileRef</key>
			<string>B6339ADC1DC6E9780071AD70</string>
			<key>isa</key>
			<string>PBXBuildFile</string>
		</dict>
		<key>B6339B531DC6E9780071AD70</key>
		<dict>
			<key>fileRef</key>
			<string>B6339ADE1DC6E9780071AD70</string>
			<key>isa</key>
			<string>PBXBuildFile</string>
		</dict>
		<key>B6339B541DC6E9780071AD70</key>
		<dict>
			<key>fileRef</key>
			<string>B6339AE01DC6E9780071AD70</string>
			<key>isa</key>
			<string>PBXBuildFile</string>
		</dict>
		<key>B6339B551DC6E9780071AD70</key>
		<dict>
			<key>fileRef</key>
			<string>B6339AE21DC6E9780071AD70</string>
			<key>isa</key>
			<string>PBXBuildFile</string>
		</dict>
		<key>B6339B561DC6E9780071AD70</key>
		<dict>
			<key>fileRef</key>
			<string>B6339AE41DC6E9780071AD70</string>
			<key>isa</key>
			<string>PBXBuildFile</string>
		</dict>
		<key>B6339B571DC6E9780071AD70</key>
		<dict>
			<key>fileRef</key>
			<string>B6339AE91DC6E9780071AD70</string>
			<key>isa</key>
			<string>PBXBuildFile</string>
		</dict>
		<key>B6339B581DC6E9780071AD70</key>
		<dict>
			<key>fileRef</key>
			<string>B6339AEB1DC6E9780071AD70</string>
			<key>isa</key>
			<string>PBXBuildFile</string>
		</dict>
		<key>B6339B591DC6E9780071AD70</key>
		<dict>
			<key>fileRef</key>
			<string>B6339AED1DC6E9780071AD70</string>
			<key>isa</key>
			<string>PBXBuildFile</string>
		</dict>
		<key>B6339B5A1DC6E9780071AD70</key>
		<dict>
			<key>fileRef</key>
			<string>B6339AF01DC6E9780071AD70</string>
			<key>isa</key>
			<string>PBXBuildFile</string>
		</dict>
		<key>B6339B5B1DC6E9780071AD70</key>
		<dict>
			<key>fileRef</key>
			<string>B6339AF21DC6E9780071AD70</string>
			<key>isa</key>
			<string>PBXBuildFile</string>
		</dict>
		<key>B6339B5C1DC6E9780071AD70</key>
		<dict>
			<key>fileRef</key>
			<string>B6339AF41DC6E9780071AD70</string>
			<key>isa</key>
			<string>PBXBuildFile</string>
		</dict>
		<key>B6339B5D1DC6E9780071AD70</key>
		<dict>
			<key>fileRef</key>
			<string>B6339AF71DC6E9780071AD70</string>
			<key>isa</key>
			<string>PBXBuildFile</string>
		</dict>
		<key>B6339B5E1DC6E9780071AD70</key>
		<dict>
			<key>fileRef</key>
			<string>B6339AF91DC6E9780071AD70</string>
			<key>isa</key>
			<string>PBXBuildFile</string>
		</dict>
		<key>B6339B5F1DC6E9780071AD70</key>
		<dict>
			<key>fileRef</key>
			<string>B6339AFB1DC6E9780071AD70</string>
			<key>isa</key>
			<string>PBXBuildFile</string>
		</dict>
		<key>B6339B601DC6E9790071AD70</key>
		<dict>
			<key>fileRef</key>
			<string>B6339AFC1DC6E9780071AD70</string>
			<key>isa</key>
			<string>PBXBuildFile</string>
		</dict>
		<key>B6339B611DC6E9790071AD70</key>
		<dict>
			<key>fileRef</key>
			<string>B6339AFF1DC6E9780071AD70</string>
			<key>isa</key>
			<string>PBXBuildFile</string>
		</dict>
		<key>B6339B621DC6E9790071AD70</key>
		<dict>
			<key>fileRef</key>
			<string>B6339B011DC6E9780071AD70</string>
			<key>isa</key>
			<string>PBXBuildFile</string>
		</dict>
		<key>B6339B631DC6E9790071AD70</key>
		<dict>
			<key>fileRef</key>
			<string>B6339B031DC6E9780071AD70</string>
			<key>isa</key>
			<string>PBXBuildFile</string>
		</dict>
		<key>B6339B641DC6E9790071AD70</key>
		<dict>
			<key>fileRef</key>
			<string>B6339B051DC6E9780071AD70</string>
			<key>isa</key>
			<string>PBXBuildFile</string>
		</dict>
		<key>B6339B651DC6E9790071AD70</key>
		<dict>
			<key>fileRef</key>
			<string>B6339B091DC6E9780071AD70</string>
			<key>isa</key>
			<string>PBXBuildFile</string>
		</dict>
		<key>B6339B661DC6E9790071AD70</key>
		<dict>
			<key>fileRef</key>
			<string>B6339B0B1DC6E9780071AD70</string>
			<key>isa</key>
			<string>PBXBuildFile</string>
		</dict>
		<key>B6339B671DC6E9790071AD70</key>
		<dict>
			<key>fileRef</key>
			<string>B6339B0D1DC6E9780071AD70</string>
			<key>isa</key>
			<string>PBXBuildFile</string>
		</dict>
		<key>B6339B681DC6E9790071AD70</key>
		<dict>
			<key>fileRef</key>
			<string>B6339B0F1DC6E9780071AD70</string>
			<key>isa</key>
			<string>PBXBuildFile</string>
		</dict>
		<key>B6339B691DC6E9790071AD70</key>
		<dict>
			<key>fileRef</key>
			<string>B6339B111DC6E9780071AD70</string>
			<key>isa</key>
			<string>PBXBuildFile</string>
		</dict>
		<key>B6339B6A1DC6E9790071AD70</key>
		<dict>
			<key>fileRef</key>
			<string>B6339B131DC6E9780071AD70</string>
			<key>isa</key>
			<string>PBXBuildFile</string>
		</dict>
		<key>B6339B6B1DC6E9790071AD70</key>
		<dict>
			<key>fileRef</key>
			<string>B6339B151DC6E9780071AD70</string>
			<key>isa</key>
			<string>PBXBuildFile</string>
		</dict>
		<key>B6339B6C1DC6E9790071AD70</key>
		<dict>
			<key>fileRef</key>
			<string>B6339B171DC6E9780071AD70</string>
			<key>isa</key>
			<string>PBXBuildFile</string>
		</dict>
		<key>B6339B6D1DC6E9790071AD70</key>
		<dict>
			<key>fileRef</key>
			<string>B6339B1B1DC6E9780071AD70</string>
			<key>isa</key>
			<string>PBXBuildFile</string>
		</dict>
		<key>B6339B6E1DC6E9790071AD70</key>
		<dict>
			<key>fileRef</key>
			<string>B6339B1E1DC6E9780071AD70</string>
			<key>isa</key>
			<string>PBXBuildFile</string>
		</dict>
		<key>B6339B6F1DC6E9790071AD70</key>
		<dict>
			<key>fileRef</key>
			<string>B6339B211DC6E9780071AD70</string>
			<key>isa</key>
			<string>PBXBuildFile</string>
		</dict>
		<key>B6339B701DC6E9790071AD70</key>
		<dict>
			<key>fileRef</key>
			<string>B6339B261DC6E9780071AD70</string>
			<key>isa</key>
			<string>PBXBuildFile</string>
		</dict>
		<key>B6339B711DC6E9790071AD70</key>
		<dict>
			<key>fileRef</key>
			<string>B6339B2B1DC6E9780071AD70</string>
			<key>isa</key>
			<string>PBXBuildFile</string>
		</dict>
		<key>B6339B721DC6E9790071AD70</key>
		<dict>
			<key>fileRef</key>
			<string>B6339B2D1DC6E9780071AD70</string>
			<key>isa</key>
			<string>PBXBuildFile</string>
		</dict>
		<key>B6339B731DC6E9790071AD70</key>
		<dict>
			<key>fileRef</key>
			<string>B6339B321DC6E9780071AD70</string>
			<key>isa</key>
			<string>PBXBuildFile</string>
		</dict>
		<key>B6339B741DC6E9790071AD70</key>
		<dict>
			<key>fileRef</key>
			<string>B6339B371DC6E9780071AD70</string>
			<key>isa</key>
			<string>PBXBuildFile</string>
		</dict>
		<key>B6339B751DC6E9790071AD70</key>
		<dict>
			<key>fileRef</key>
			<string>B6339B3C1DC6E9780071AD70</string>
			<key>isa</key>
			<string>PBXBuildFile</string>
		</dict>
		<key>B6339B761DC6E9790071AD70</key>
		<dict>
			<key>fileRef</key>
			<string>B6339B411DC6E9780071AD70</string>
			<key>isa</key>
			<string>PBXBuildFile</string>
		</dict>
		<key>B6339B771DC6E9790071AD70</key>
		<dict>
			<key>fileRef</key>
			<string>B6339B451DC6E9780071AD70</string>
			<key>isa</key>
			<string>PBXBuildFile</string>
		</dict>
		<key>B6DED8991DC632BE00EE26D0</key>
		<dict>
			<key>children</key>
			<array>
				<string>B6DED8A41DC632BE00EE26D0</string>
				<string>B6DED8A31DC632BE00EE26D0</string>
				<string>F5D4537D1296D16FAC3EA251</string>
				<string>9794DCB95754BC19CBD948D8</string>
			</array>
			<key>isa</key>
			<string>PBXGroup</string>
			<key>sourceTree</key>
			<string>&lt;group&gt;</string>
		</dict>
		<key>B6DED89A1DC632BE00EE26D0</key>
		<dict>
			<key>attributes</key>
			<dict>
				<key>LastUpgradeCheck</key>
				<string>0810</string>
				<key>ORGANIZATIONNAME</key>
				<string>LWSpro</string>
				<key>TargetAttributes</key>
				<dict>
					<key>B6DED8A11DC632BE00EE26D0</key>
					<dict>
						<key>CreatedOnToolsVersion</key>
						<string>8.1</string>
						<key>ProvisioningStyle</key>
						<string>Automatic</string>
					</dict>
				</dict>
			</dict>
			<key>buildConfigurationList</key>
			<string>B6DED89D1DC632BE00EE26D0</string>
			<key>compatibilityVersion</key>
			<string>Xcode 3.2</string>
			<key>developmentRegion</key>
			<string>English</string>
			<key>hasScannedForEncodings</key>
			<string>0</string>
			<key>isa</key>
			<string>PBXProject</string>
			<key>knownRegions</key>
			<array>
				<string>en</string>
				<string>Base</string>
			</array>
			<key>mainGroup</key>
			<string>B6DED8991DC632BE00EE26D0</string>
			<key>productRefGroup</key>
			<string>B6DED8A31DC632BE00EE26D0</string>
			<key>projectDirPath</key>
			<string></string>
			<key>projectReferences</key>
			<array/>
			<key>projectRoot</key>
			<string></string>
			<key>targets</key>
			<array>
				<string>B6DED8A11DC632BE00EE26D0</string>
			</array>
		</dict>
		<key>B6DED89D1DC632BE00EE26D0</key>
		<dict>
			<key>buildConfigurations</key>
			<array>
				<string>B6DED8B71DC632BE00EE26D0</string>
				<string>B6DED8B81DC632BE00EE26D0</string>
			</array>
			<key>defaultConfigurationIsVisible</key>
			<string>0</string>
			<key>defaultConfigurationName</key>
			<string>Release</string>
			<key>isa</key>
			<string>XCConfigurationList</string>
		</dict>
		<key>B6DED89E1DC632BE00EE26D0</key>
		<dict>
			<key>buildActionMask</key>
			<string>2147483647</string>
			<key>files</key>
			<array>
				<string>B6339B6C1DC6E9790071AD70</string>
				<string>B6339B581DC6E9780071AD70</string>
				<string>B6339B641DC6E9790071AD70</string>
				<string>B6339B531DC6E9780071AD70</string>
				<string>B6339B571DC6E9780071AD70</string>
				<string>B6339B721DC6E9790071AD70</string>
				<string>B6339B5B1DC6E9780071AD70</string>
				<string>B6339B551DC6E9780071AD70</string>
				<string>B6339B611DC6E9790071AD70</string>
				<string>B6339B471DC6E9780071AD70</string>
				<string>B6339B661DC6E9790071AD70</string>
				<string>B6339B5E1DC6E9780071AD70</string>
				<string>B6339B6E1DC6E9790071AD70</string>
				<string>B6339B761DC6E9790071AD70</string>
				<string>B6339B541DC6E9780071AD70</string>
				<string>B6339B681DC6E9790071AD70</string>
				<string>B6DED8A71DC632BE00EE26D0</string>
				<string>B6339B731DC6E9790071AD70</string>
				<string>B6339B5A1DC6E9780071AD70</string>
				<string>B6339B4F1DC6E9780071AD70</string>
				<string>B6339B4E1DC6E9780071AD70</string>
				<string>B6339B6D1DC6E9790071AD70</string>
				<string>B6339B711DC6E9790071AD70</string>
				<string>B6339B4B1DC6E9780071AD70</string>
				<string>B6339B5D1DC6E9780071AD70</string>
				<string>B6339B481DC6E9780071AD70</string>
				<string>B6339B701DC6E9790071AD70</string>
				<string>B6339B771DC6E9790071AD70</string>
				<string>B6339B621DC6E9790071AD70</string>
				<string>B6339B671DC6E9790071AD70</string>
				<string>B6339B651DC6E9790071AD70</string>
				<string>B6339B741DC6E9790071AD70</string>
				<string>B6339B491DC6E9780071AD70</string>
				<string>B6339B6F1DC6E9790071AD70</string>
				<string>B6339B691DC6E9790071AD70</string>
				<string>B6339B591DC6E9780071AD70</string>
				<string>B6339B5F1DC6E9780071AD70</string>
				<string>B6339B511DC6E9780071AD70</string>
				<string>B6339B6B1DC6E9790071AD70</string>
				<string>B6339B631DC6E9790071AD70</string>
				<string>B6339B561DC6E9780071AD70</string>
				<string>B6339B5C1DC6E9780071AD70</string>
				<string>B6339B4C1DC6E9780071AD70</string>
				<string>B6339B6A1DC6E9790071AD70</string>
				<string>B6339B521DC6E9780071AD70</string>
				<string>B6339B4A1DC6E9780071AD70</string>
				<string>B6339B751DC6E9790071AD70</string>
				<string>B6339B4D1DC6E9780071AD70</string>
				<string>B6339B501DC6E9780071AD70</string>
			</array>
			<key>isa</key>
			<string>PBXSourcesBuildPhase</string>
			<key>runOnlyForDeploymentPostprocessing</key>
			<string>0</string>
		</dict>
		<key>B6DED89F1DC632BE00EE26D0</key>
		<dict>
			<key>buildActionMask</key>
			<string>2147483647</string>
			<key>files</key>
			<array>
				<string>76A09E7EA216F53A2A7AA1B7</string>
			</array>
			<key>isa</key>
			<string>PBXFrameworksBuildPhase</string>
			<key>runOnlyForDeploymentPostprocessing</key>
			<string>0</string>
		</dict>
		<key>B6DED8A01DC632BE00EE26D0</key>
		<dict>
			<key>buildActionMask</key>
			<string>2147483647</string>
			<key>files</key>
			<array>
				<string>B6339AAC1DC6E9740071AD70</string>
				<string>B6339AA61DC6E9740071AD70</string>
				<string>B6339AA91DC6E9740071AD70</string>
				<string>B6339AAA1DC6E9740071AD70</string>
				<string>B6339AAE1DC6E9740071AD70</string>
				<string>B6339AA31DC6E9740071AD70</string>
				<string>B6339AA81DC6E9740071AD70</string>
				<string>B6339AA01DC6E9740071AD70</string>
				<string>B6339AA41DC6E9740071AD70</string>
				<string>B6339AA51DC6E9740071AD70</string>
				<string>B6DED8B51DC632BE00EE26D0</string>
				<string>B6339AAD1DC6E9740071AD70</string>
				<string>B6339AAB1DC6E9740071AD70</string>
				<string>B6339AA21DC6E9740071AD70</string>
				<string>B6339A9E1DC6E9740071AD70</string>
				<string>B6339AA71DC6E9740071AD70</string>
				<string>B6DED8B21DC632BE00EE26D0</string>
				<string>B6339A9F1DC6E9740071AD70</string>
				<string>B6339B601DC6E9790071AD70</string>
				<string>B6339AA11DC6E9740071AD70</string>
			</array>
			<key>isa</key>
			<string>PBXResourcesBuildPhase</string>
			<key>runOnlyForDeploymentPostprocessing</key>
			<string>0</string>
		</dict>
		<key>B6DED8A11DC632BE00EE26D0</key>
		<dict>
			<key>buildConfigurationList</key>
			<string>B6DED8B91DC632BE00EE26D0</string>
			<key>buildPhases</key>
			<array>
				<string>7C4478DD00B7544BC63D7D51</string>
				<string>B6DED89E1DC632BE00EE26D0</string>
				<string>B6DED89F1DC632BE00EE26D0</string>
				<string>B6DED8A01DC632BE00EE26D0</string>
				<string>96292A71B31CA68A31E8363D</string>
				<string>BFE6CD140E8E7B7313E26B94</string>
			</array>
			<key>buildRules</key>
			<array/>
			<key>dependencies</key>
			<array/>
			<key>isa</key>
			<string>PBXNativeTarget</string>
			<key>name</key>
			<string>LW_BeenShopping</string>
			<key>productName</key>
			<string>LW_BeenShopping</string>
			<key>productReference</key>
			<string>B6DED8A21DC632BE00EE26D0</string>
			<key>productType</key>
			<string>com.apple.product-type.application</string>
		</dict>
		<key>B6DED8A21DC632BE00EE26D0</key>
		<dict>
			<key>explicitFileType</key>
			<string>wrapper.application</string>
			<key>includeInIndex</key>
			<string>0</string>
			<key>isa</key>
			<string>PBXFileReference</string>
			<key>path</key>
			<string>LW_BeenShopping.app</string>
			<key>sourceTree</key>
			<string>BUILT_PRODUCTS_DIR</string>
		</dict>
		<key>B6DED8A31DC632BE00EE26D0</key>
		<dict>
			<key>children</key>
			<array>
				<string>B6DED8A21DC632BE00EE26D0</string>
			</array>
			<key>isa</key>
			<string>PBXGroup</string>
			<key>name</key>
			<string>Products</string>
			<key>sourceTree</key>
			<string>&lt;group&gt;</string>
		</dict>
		<key>B6DED8A41DC632BE00EE26D0</key>
		<dict>
			<key>children</key>
			<array>
				<string>B6339AAF1DC6E9780071AD70</string>
				<string>B6339A8C1DC6E9740071AD70</string>
				<string>B6DED8B11DC632BE00EE26D0</string>
				<string>B6DED8B31DC632BE00EE26D0</string>
				<string>B6DED8B61DC632BE00EE26D0</string>
				<string>B6DED8A51DC632BE00EE26D0</string>
			</array>
			<key>isa</key>
			<string>PBXGroup</string>
			<key>path</key>
			<string>LW_BeenShopping</string>
			<key>sourceTree</key>
			<string>&lt;group&gt;</string>
		</dict>
		<key>B6DED8A51DC632BE00EE26D0</key>
		<dict>
			<key>children</key>
			<array>
				<string>B6DED8A61DC632BE00EE26D0</string>
			</array>
			<key>isa</key>
			<string>PBXGroup</string>
			<key>name</key>
			<string>Supporting Files</string>
			<key>sourceTree</key>
			<string>&lt;group&gt;</string>
		</dict>
		<key>B6DED8A61DC632BE00EE26D0</key>
		<dict>
			<key>isa</key>
			<string>PBXFileReference</string>
			<key>lastKnownFileType</key>
			<string>sourcecode.c.objc</string>
			<key>path</key>
			<string>main.m</string>
			<key>sourceTree</key>
			<string>&lt;group&gt;</string>
		</dict>
		<key>B6DED8A71DC632BE00EE26D0</key>
		<dict>
			<key>fileRef</key>
			<string>B6DED8A61DC632BE00EE26D0</string>
			<key>isa</key>
			<string>PBXBuildFile</string>
		</dict>
		<key>B6DED8B11DC632BE00EE26D0</key>
		<dict>
			<key>isa</key>
			<string>PBXFileReference</string>
			<key>lastKnownFileType</key>
			<string>folder.assetcatalog</string>
			<key>path</key>
			<string>Assets.xcassets</string>
			<key>sourceTree</key>
			<string>&lt;group&gt;</string>
		</dict>
		<key>B6DED8B21DC632BE00EE26D0</key>
		<dict>
			<key>fileRef</key>
			<string>B6DED8B11DC632BE00EE26D0</string>
			<key>isa</key>
			<string>PBXBuildFile</string>
		</dict>
		<key>B6DED8B31DC632BE00EE26D0</key>
		<dict>
			<key>children</key>
			<array>
				<string>B6DED8B41DC632BE00EE26D0</string>
			</array>
			<key>isa</key>
			<string>PBXVariantGroup</string>
			<key>name</key>
			<string>LaunchScreen.storyboard</string>
			<key>sourceTree</key>
			<string>&lt;group&gt;</string>
		</dict>
		<key>B6DED8B41DC632BE00EE26D0</key>
		<dict>
			<key>isa</key>
			<string>PBXFileReference</string>
			<key>lastKnownFileType</key>
			<string>file.storyboard</string>
			<key>name</key>
			<string>Base</string>
			<key>path</key>
			<string>Base.lproj/LaunchScreen.storyboard</string>
			<key>sourceTree</key>
			<string>&lt;group&gt;</string>
		</dict>
		<key>B6DED8B51DC632BE00EE26D0</key>
		<dict>
			<key>fileRef</key>
			<string>B6DED8B31DC632BE00EE26D0</string>
			<key>isa</key>
			<string>PBXBuildFile</string>
		</dict>
		<key>B6DED8B61DC632BE00EE26D0</key>
		<dict>
			<key>isa</key>
			<string>PBXFileReference</string>
			<key>lastKnownFileType</key>
			<string>text.plist.xml</string>
			<key>path</key>
			<string>Info.plist</string>
			<key>sourceTree</key>
			<string>&lt;group&gt;</string>
		</dict>
		<key>B6DED8B71DC632BE00EE26D0</key>
		<dict>
			<key>buildSettings</key>
			<dict>
				<key>ALWAYS_SEARCH_USER_PATHS</key>
				<string>NO</string>
				<key>CLANG_ANALYZER_NONNULL</key>
				<string>YES</string>
				<key>CLANG_CXX_LANGUAGE_STANDARD</key>
				<string>gnu++0x</string>
				<key>CLANG_CXX_LIBRARY</key>
				<string>libc++</string>
				<key>CLANG_ENABLE_MODULES</key>
				<string>YES</string>
				<key>CLANG_ENABLE_OBJC_ARC</key>
				<string>YES</string>
				<key>CLANG_WARN_BOOL_CONVERSION</key>
				<string>YES</string>
				<key>CLANG_WARN_CONSTANT_CONVERSION</key>
				<string>YES</string>
				<key>CLANG_WARN_DIRECT_OBJC_ISA_USAGE</key>
				<string>YES_ERROR</string>
				<key>CLANG_WARN_DOCUMENTATION_COMMENTS</key>
				<string>YES</string>
				<key>CLANG_WARN_EMPTY_BODY</key>
				<string>YES</string>
				<key>CLANG_WARN_ENUM_CONVERSION</key>
				<string>YES</string>
				<key>CLANG_WARN_INFINITE_RECURSION</key>
				<string>YES</string>
				<key>CLANG_WARN_INT_CONVERSION</key>
				<string>YES</string>
				<key>CLANG_WARN_OBJC_ROOT_CLASS</key>
				<string>YES_ERROR</string>
				<key>CLANG_WARN_SUSPICIOUS_MOVES</key>
				<string>YES</string>
				<key>CLANG_WARN_UNREACHABLE_CODE</key>
				<string>YES</string>
				<key>CLANG_WARN__DUPLICATE_METHOD_MATCH</key>
				<string>YES</string>
				<key>CODE_SIGN_IDENTITY[sdk=iphoneos*]</key>
				<string>iPhone Developer</string>
				<key>COPY_PHASE_STRIP</key>
				<string>NO</string>
				<key>DEBUG_INFORMATION_FORMAT</key>
				<string>dwarf</string>
				<key>ENABLE_STRICT_OBJC_MSGSEND</key>
				<string>YES</string>
				<key>ENABLE_TESTABILITY</key>
				<string>YES</string>
				<key>GCC_C_LANGUAGE_STANDARD</key>
				<string>gnu99</string>
				<key>GCC_DYNAMIC_NO_PIC</key>
				<string>NO</string>
				<key>GCC_NO_COMMON_BLOCKS</key>
				<string>YES</string>
				<key>GCC_OPTIMIZATION_LEVEL</key>
				<string>0</string>
				<key>GCC_PREPROCESSOR_DEFINITIONS</key>
				<array>
					<string>DEBUG=1</string>
					<string>$(inherited)</string>
				</array>
				<key>GCC_WARN_64_TO_32_BIT_CONVERSION</key>
				<string>YES</string>
				<key>GCC_WARN_ABOUT_RETURN_TYPE</key>
				<string>YES_ERROR</string>
				<key>GCC_WARN_UNDECLARED_SELECTOR</key>
				<string>YES</string>
				<key>GCC_WARN_UNINITIALIZED_AUTOS</key>
				<string>YES_AGGRESSIVE</string>
				<key>GCC_WARN_UNUSED_FUNCTION</key>
				<string>YES</string>
				<key>GCC_WARN_UNUSED_VARIABLE</key>
				<string>YES</string>
				<key>IPHONEOS_DEPLOYMENT_TARGET</key>
				<string>10.1</string>
				<key>MTL_ENABLE_DEBUG_INFO</key>
				<string>YES</string>
				<key>ONLY_ACTIVE_ARCH</key>
				<string>YES</string>
				<key>SDKROOT</key>
				<string>iphoneos</string>
				<key>TARGETED_DEVICE_FAMILY</key>
				<string>1,2</string>
			</dict>
			<key>isa</key>
			<string>XCBuildConfiguration</string>
			<key>name</key>
			<string>Debug</string>
		</dict>
		<key>B6DED8B81DC632BE00EE26D0</key>
		<dict>
			<key>buildSettings</key>
			<dict>
				<key>ALWAYS_SEARCH_USER_PATHS</key>
				<string>NO</string>
				<key>CLANG_ANALYZER_NONNULL</key>
				<string>YES</string>
				<key>CLANG_CXX_LANGUAGE_STANDARD</key>
				<string>gnu++0x</string>
				<key>CLANG_CXX_LIBRARY</key>
				<string>libc++</string>
				<key>CLANG_ENABLE_MODULES</key>
				<string>YES</string>
				<key>CLANG_ENABLE_OBJC_ARC</key>
				<string>YES</string>
				<key>CLANG_WARN_BOOL_CONVERSION</key>
				<string>YES</string>
				<key>CLANG_WARN_CONSTANT_CONVERSION</key>
				<string>YES</string>
				<key>CLANG_WARN_DIRECT_OBJC_ISA_USAGE</key>
				<string>YES_ERROR</string>
				<key>CLANG_WARN_DOCUMENTATION_COMMENTS</key>
				<string>YES</string>
				<key>CLANG_WARN_EMPTY_BODY</key>
				<string>YES</string>
				<key>CLANG_WARN_ENUM_CONVERSION</key>
				<string>YES</string>
				<key>CLANG_WARN_INFINITE_RECURSION</key>
				<string>YES</string>
				<key>CLANG_WARN_INT_CONVERSION</key>
				<string>YES</string>
				<key>CLANG_WARN_OBJC_ROOT_CLASS</key>
				<string>YES_ERROR</string>
				<key>CLANG_WARN_SUSPICIOUS_MOVES</key>
				<string>YES</string>
				<key>CLANG_WARN_UNREACHABLE_CODE</key>
				<string>YES</string>
				<key>CLANG_WARN__DUPLICATE_METHOD_MATCH</key>
				<string>YES</string>
				<key>CODE_SIGN_IDENTITY[sdk=iphoneos*]</key>
				<string>iPhone Developer</string>
				<key>COPY_PHASE_STRIP</key>
				<string>NO</string>
				<key>DEBUG_INFORMATION_FORMAT</key>
				<string>dwarf-with-dsym</string>
				<key>ENABLE_NS_ASSERTIONS</key>
				<string>NO</string>
				<key>ENABLE_STRICT_OBJC_MSGSEND</key>
				<string>YES</string>
				<key>GCC_C_LANGUAGE_STANDARD</key>
				<string>gnu99</string>
				<key>GCC_NO_COMMON_BLOCKS</key>
				<string>YES</string>
				<key>GCC_WARN_64_TO_32_BIT_CONVERSION</key>
				<string>YES</string>
				<key>GCC_WARN_ABOUT_RETURN_TYPE</key>
				<string>YES_ERROR</string>
				<key>GCC_WARN_UNDECLARED_SELECTOR</key>
				<string>YES</string>
				<key>GCC_WARN_UNINITIALIZED_AUTOS</key>
				<string>YES_AGGRESSIVE</string>
				<key>GCC_WARN_UNUSED_FUNCTION</key>
				<string>YES</string>
				<key>GCC_WARN_UNUSED_VARIABLE</key>
				<string>YES</string>
				<key>IPHONEOS_DEPLOYMENT_TARGET</key>
				<string>10.1</string>
				<key>MTL_ENABLE_DEBUG_INFO</key>
				<string>NO</string>
				<key>SDKROOT</key>
				<string>iphoneos</string>
				<key>TARGETED_DEVICE_FAMILY</key>
				<string>1,2</string>
				<key>VALIDATE_PRODUCT</key>
				<string>YES</string>
			</dict>
			<key>isa</key>
			<string>XCBuildConfiguration</string>
			<key>name</key>
			<string>Release</string>
		</dict>
		<key>B6DED8B91DC632BE00EE26D0</key>
		<dict>
			<key>buildConfigurations</key>
			<array>
				<string>B6DED8BA1DC632BE00EE26D0</string>
				<string>B6DED8BB1DC632BE00EE26D0</string>
			</array>
			<key>defaultConfigurationIsVisible</key>
			<string>0</string>
			<key>defaultConfigurationName</key>
			<string>Release</string>
			<key>isa</key>
			<string>XCConfigurationList</string>
		</dict>
		<key>B6DED8BA1DC632BE00EE26D0</key>
		<dict>
			<key>baseConfigurationReference</key>
			<string>D41A702067196CBB78516179</string>
			<key>buildSettings</key>
			<dict>
				<key>ASSETCATALOG_COMPILER_APPICON_NAME</key>
				<string>AppIcon</string>
				<key>DEVELOPMENT_TEAM</key>
				<string></string>
				<key>INFOPLIST_FILE</key>
				<string>LW_BeenShopping/Info.plist</string>
				<key>LD_RUNPATH_SEARCH_PATHS</key>
				<string>$(inherited) @executable_path/Frameworks</string>
				<key>PRODUCT_BUNDLE_IDENTIFIER</key>
				<string>PRE.LW-BeenShopping</string>
				<key>PRODUCT_NAME</key>
				<string>$(TARGET_NAME)</string>
			</dict>
			<key>isa</key>
			<string>XCBuildConfiguration</string>
			<key>name</key>
			<string>Debug</string>
		</dict>
		<key>B6DED8BB1DC632BE00EE26D0</key>
		<dict>
			<key>baseConfigurationReference</key>
			<string>96C818CAB5EBD89C7F04A967</string>
			<key>buildSettings</key>
			<dict>
				<key>ASSETCATALOG_COMPILER_APPICON_NAME</key>
				<string>AppIcon</string>
				<key>DEVELOPMENT_TEAM</key>
				<string></string>
				<key>INFOPLIST_FILE</key>
				<string>LW_BeenShopping/Info.plist</string>
				<key>LD_RUNPATH_SEARCH_PATHS</key>
				<string>$(inherited) @executable_path/Frameworks</string>
				<key>PRODUCT_BUNDLE_IDENTIFIER</key>
				<string>PRE.LW-BeenShopping</string>
				<key>PRODUCT_NAME</key>
				<string>$(TARGET_NAME)</string>
			</dict>
			<key>isa</key>
			<string>XCBuildConfiguration</string>
			<key>name</key>
			<string>Release</string>
		</dict>
		<key>BFE6CD140E8E7B7313E26B94</key>
		<dict>
			<key>buildActionMask</key>
			<string>2147483647</string>
			<key>files</key>
			<array/>
			<key>inputPaths</key>
			<array/>
			<key>isa</key>
			<string>PBXShellScriptBuildPhase</string>
			<key>name</key>
			<string>[CP] Copy Pods Resources</string>
			<key>outputPaths</key>
			<array/>
			<key>runOnlyForDeploymentPostprocessing</key>
			<string>0</string>
			<key>shellPath</key>
			<string>/bin/sh</string>
			<key>shellScript</key>
			<string>"${SRCROOT}/Pods/Target Support Files/Pods-LW_BeenShopping/Pods-LW_BeenShopping-resources.sh"
</string>
			<key>showEnvVarsInLog</key>
			<string>0</string>
		</dict>
		<key>D41A702067196CBB78516179</key>
		<dict>
			<key>includeInIndex</key>
			<string>1</string>
			<key>isa</key>
			<string>PBXFileReference</string>
			<key>lastKnownFileType</key>
			<string>text.xcconfig</string>
			<key>name</key>
			<string>Pods-LW_BeenShopping.debug.xcconfig</string>
			<key>path</key>
			<string>Pods/Target Support Files/Pods-LW_BeenShopping/Pods-LW_BeenShopping.debug.xcconfig</string>
			<key>sourceTree</key>
			<string>&lt;group&gt;</string>
		</dict>
		<key>F5D4537D1296D16FAC3EA251</key>
		<dict>
			<key>children</key>
			<array>
				<string>D41A702067196CBB78516179</string>
				<string>96C818CAB5EBD89C7F04A967</string>
			</array>
			<key>isa</key>
			<string>PBXGroup</string>
			<key>name</key>
			<string>Pods</string>
			<key>sourceTree</key>
			<string>&lt;group&gt;</string>
		</dict>
	</dict>
	<key>rootObject</key>
	<string>B6DED89A1DC632BE00EE26D0</string>
</dict>
</plist>
